// !$*UTF8*$!
{
	archiveVersion = 1;
	classes = {
	};
	objectVersion = 56;
	objects = {

/* Begin PBXBuildFile section */
		1AC386AC2AAABED10064F52A /* CocktailListCell.swift in Sources */ = {isa = PBXBuildFile; fileRef = 1AC386772AAABED00064F52A /* CocktailListCell.swift */; };
		1AC386AD2AAABED10064F52A /* PreferencesCheckListCell.swift in Sources */ = {isa = PBXBuildFile; fileRef = 1AC386782AAABED00064F52A /* PreferencesCheckListCell.swift */; };
		1AC386AE2AAABED10064F52A /* PrepListCell.swift in Sources */ = {isa = PBXBuildFile; fileRef = 1AC386792AAABED00064F52A /* PrepListCell.swift */; };
		1AC386AF2AAABED10064F52A /* XDismissButton.swift in Sources */ = {isa = PBXBuildFile; fileRef = 1AC3867B2AAABED00064F52A /* XDismissButton.swift */; };
		1AC386B02AAABED10064F52A /* Assets.xcassets in Resources */ = {isa = PBXBuildFile; fileRef = 1AC3867C2AAABED00064F52A /* Assets.xcassets */; };
		1AC386B32AAABED10064F52A /* RoundButtonStyle.swift in Sources */ = {isa = PBXBuildFile; fileRef = 1AC386822AAABED00064F52A /* RoundButtonStyle.swift */; };
		1AC386B42AAABED10064F52A /* Extensions.swift in Sources */ = {isa = PBXBuildFile; fileRef = 1AC386832AAABED00064F52A /* Extensions.swift */; };
		1AC386B52AAABED10064F52A /* StandardButtonStyle.swift in Sources */ = {isa = PBXBuildFile; fileRef = 1AC386842AAABED00064F52A /* StandardButtonStyle.swift */; };
		1AC386B72AAABED10064F52A /* RamosGinFizz.swift in Sources */ = {isa = PBXBuildFile; fileRef = 1AC386892AAABED00064F52A /* RamosGinFizz.swift */; };
		1AC386B82AAABED10064F52A /* Daiquiri.swift in Sources */ = {isa = PBXBuildFile; fileRef = 1AC3868A2AAABED00064F52A /* Daiquiri.swift */; };
		1AC386B92AAABED10064F52A /* PrepRecipeDescriptions.swift in Sources */ = {isa = PBXBuildFile; fileRef = 1AC3868B2AAABED00064F52A /* PrepRecipeDescriptions.swift */; };
		1AC386BB2AAABED10064F52A /* Glassware.swift in Sources */ = {isa = PBXBuildFile; fileRef = 1AC3868E2AAABED00064F52A /* Glassware.swift */; };
		1AC386BC2AAABED10064F52A /* Ingredient.swift in Sources */ = {isa = PBXBuildFile; fileRef = 1AC3868F2AAABED00064F52A /* Ingredient.swift */; };
		1AC386BD2AAABED10064F52A /* Build.swift in Sources */ = {isa = PBXBuildFile; fileRef = 1AC386902AAABED00064F52A /* Build.swift */; };
		1AC386BE2AAABED10064F52A /* Garnish.swift in Sources */ = {isa = PBXBuildFile; fileRef = 1AC386912AAABED00064F52A /* Garnish.swift */; };
		1AC386BF2AAABED10064F52A /* Prep.swift in Sources */ = {isa = PBXBuildFile; fileRef = 1AC386922AAABED00064F52A /* Prep.swift */; };
		1AC386C02AAABED10064F52A /* BlackberrySageSmash.swift in Sources */ = {isa = PBXBuildFile; fileRef = 1AC386942AAABED00064F52A /* BlackberrySageSmash.swift */; };
		1AC386C22AAABED10064F52A /* TabBarView.swift in Sources */ = {isa = PBXBuildFile; fileRef = 1AC386982AAABED00064F52A /* TabBarView.swift */; };
		1AC386C32AAABED10064F52A /* BuildOrderView.swift in Sources */ = {isa = PBXBuildFile; fileRef = 1AC3869A2AAABED00064F52A /* BuildOrderView.swift */; };
		1AC386C42AAABED10064F52A /* RecipeCard.swift in Sources */ = {isa = PBXBuildFile; fileRef = 1AC3869C2AAABED00064F52A /* RecipeCard.swift */; };
		1AC386C52AAABED10064F52A /* RecipeIngredientsView.swift in Sources */ = {isa = PBXBuildFile; fileRef = 1AC3869D2AAABED00064F52A /* RecipeIngredientsView.swift */; };
		1AC386C62AAABED10064F52A /* PrepRecipeView.swift in Sources */ = {isa = PBXBuildFile; fileRef = 1AC3869F2AAABED00064F52A /* PrepRecipeView.swift */; };
		1AC386C72AAABED10064F52A /* PrepBibleListView.swift in Sources */ = {isa = PBXBuildFile; fileRef = 1AC386A02AAABED00064F52A /* PrepBibleListView.swift */; };
		1AC386C82AAABED10064F52A /* PrepBibleViewModel.swift in Sources */ = {isa = PBXBuildFile; fileRef = 1AC386A12AAABED00064F52A /* PrepBibleViewModel.swift */; };
		1AC386C92AAABED10064F52A /* CocktailListView.swift in Sources */ = {isa = PBXBuildFile; fileRef = 1AC386A32AAABED00064F52A /* CocktailListView.swift */; };
		1AC386CA2AAABED10064F52A /* CocktailListViewModel.swift in Sources */ = {isa = PBXBuildFile; fileRef = 1AC386A42AAABED00064F52A /* CocktailListViewModel.swift */; };
		1AC386CB2AAABED10064F52A /* ListView.swift in Sources */ = {isa = PBXBuildFile; fileRef = 1AC386A72AAABED00064F52A /* ListView.swift */; };
		1AC386CC2AAABED10064F52A /* SearchCriteriaViewModel.swift in Sources */ = {isa = PBXBuildFile; fileRef = 1AC386A82AAABED00064F52A /* SearchCriteriaViewModel.swift */; };
		1AC386CD2AAABED10064F52A /* SearchCriteriaView.swift in Sources */ = {isa = PBXBuildFile; fileRef = 1AC386A92AAABED00064F52A /* SearchCriteriaView.swift */; };
		1AC386CE2AAABED10064F52A /* SearchBarView.swift in Sources */ = {isa = PBXBuildFile; fileRef = 1AC386AA2AAABED00064F52A /* SearchBarView.swift */; };
		1AC386CF2AAABED10064F52A /* FlavorProfileSearchView.swift in Sources */ = {isa = PBXBuildFile; fileRef = 1AC386AB2AAABED00064F52A /* FlavorProfileSearchView.swift */; };
		F4C6A8E42AAFF6AC00BB0AD0 /* Flavors.swift in Sources */ = {isa = PBXBuildFile; fileRef = F4C6A8E32AAFF6AC00BB0AD0 /* Flavors.swift */; };
		F4C6A8E62AAFFC2F00BB0AD0 /* Textures.swift in Sources */ = {isa = PBXBuildFile; fileRef = F4C6A8E52AAFFC2F00BB0AD0 /* Textures.swift */; };
		F4C6A8E82AAFFC6B00BB0AD0 /* Styles.swift in Sources */ = {isa = PBXBuildFile; fileRef = F4C6A8E72AAFFC6B00BB0AD0 /* Styles.swift */; };
		F4C6A8EA2AAFFCBF00BB0AD0 /* Spirits.swift in Sources */ = {isa = PBXBuildFile; fileRef = F4C6A8E92AAFFCBF00BB0AD0 /* Spirits.swift */; };
		F4C6A8EC2AAFFE5700BB0AD0 /* Tags.swift in Sources */ = {isa = PBXBuildFile; fileRef = F4C6A8EB2AAFFE5700BB0AD0 /* Tags.swift */; };
		F4C6A8F32AB003C200BB0AD0 /* Localization.swift in Sources */ = {isa = PBXBuildFile; fileRef = F4C6A8F22AB003C200BB0AD0 /* Localization.swift */; };
		F4C6A8F52AB0042400BB0AD0 /* Cocktail.swift in Sources */ = {isa = PBXBuildFile; fileRef = F4C6A8F42AB0042400BB0AD0 /* Cocktail.swift */; };
		F4C6A8F72AB0145800BB0AD0 /* Profiles.swift in Sources */ = {isa = PBXBuildFile; fileRef = F4C6A8F62AB0145800BB0AD0 /* Profiles.swift */; };
		F4FBF1232AAABBB900BBF7CF /* MetaCocktailsSwiftDataApp.swift in Sources */ = {isa = PBXBuildFile; fileRef = F4FBF1222AAABBB900BBF7CF /* MetaCocktailsSwiftDataApp.swift */; };
		F4FBF12C2AAABBBB00BBF7CF /* Preview Assets.xcassets in Resources */ = {isa = PBXBuildFile; fileRef = F4FBF12B2AAABBBB00BBF7CF /* Preview Assets.xcassets */; };
/* End PBXBuildFile section */

/* Begin PBXFileReference section */
		1AC386772AAABED00064F52A /* CocktailListCell.swift */ = {isa = PBXFileReference; fileEncoding = 4; lastKnownFileType = sourcecode.swift; path = CocktailListCell.swift; sourceTree = "<group>"; };
		1AC386782AAABED00064F52A /* PreferencesCheckListCell.swift */ = {isa = PBXFileReference; fileEncoding = 4; lastKnownFileType = sourcecode.swift; path = PreferencesCheckListCell.swift; sourceTree = "<group>"; };
		1AC386792AAABED00064F52A /* PrepListCell.swift */ = {isa = PBXFileReference; fileEncoding = 4; lastKnownFileType = sourcecode.swift; path = PrepListCell.swift; sourceTree = "<group>"; };
		1AC3867B2AAABED00064F52A /* XDismissButton.swift */ = {isa = PBXFileReference; fileEncoding = 4; lastKnownFileType = sourcecode.swift; path = XDismissButton.swift; sourceTree = "<group>"; };
		1AC3867C2AAABED00064F52A /* Assets.xcassets */ = {isa = PBXFileReference; lastKnownFileType = folder.assetcatalog; path = Assets.xcassets; sourceTree = "<group>"; };
		1AC386822AAABED00064F52A /* RoundButtonStyle.swift */ = {isa = PBXFileReference; fileEncoding = 4; lastKnownFileType = sourcecode.swift; path = RoundButtonStyle.swift; sourceTree = "<group>"; };
		1AC386832AAABED00064F52A /* Extensions.swift */ = {isa = PBXFileReference; fileEncoding = 4; lastKnownFileType = sourcecode.swift; path = Extensions.swift; sourceTree = "<group>"; };
		1AC386842AAABED00064F52A /* StandardButtonStyle.swift */ = {isa = PBXFileReference; fileEncoding = 4; lastKnownFileType = sourcecode.swift; path = StandardButtonStyle.swift; sourceTree = "<group>"; };
		1AC386892AAABED00064F52A /* RamosGinFizz.swift */ = {isa = PBXFileReference; fileEncoding = 4; lastKnownFileType = sourcecode.swift; path = RamosGinFizz.swift; sourceTree = "<group>"; };
		1AC3868A2AAABED00064F52A /* Daiquiri.swift */ = {isa = PBXFileReference; fileEncoding = 4; lastKnownFileType = sourcecode.swift; path = Daiquiri.swift; sourceTree = "<group>"; };
		1AC3868B2AAABED00064F52A /* PrepRecipeDescriptions.swift */ = {isa = PBXFileReference; fileEncoding = 4; lastKnownFileType = sourcecode.swift; path = PrepRecipeDescriptions.swift; sourceTree = "<group>"; };
		1AC3868E2AAABED00064F52A /* Glassware.swift */ = {isa = PBXFileReference; fileEncoding = 4; lastKnownFileType = sourcecode.swift; path = Glassware.swift; sourceTree = "<group>"; };
		1AC3868F2AAABED00064F52A /* Ingredient.swift */ = {isa = PBXFileReference; fileEncoding = 4; lastKnownFileType = sourcecode.swift; path = Ingredient.swift; sourceTree = "<group>"; };
		1AC386902AAABED00064F52A /* Build.swift */ = {isa = PBXFileReference; fileEncoding = 4; lastKnownFileType = sourcecode.swift; path = Build.swift; sourceTree = "<group>"; };
		1AC386912AAABED00064F52A /* Garnish.swift */ = {isa = PBXFileReference; fileEncoding = 4; lastKnownFileType = sourcecode.swift; path = Garnish.swift; sourceTree = "<group>"; };
		1AC386922AAABED00064F52A /* Prep.swift */ = {isa = PBXFileReference; fileEncoding = 4; lastKnownFileType = sourcecode.swift; path = Prep.swift; sourceTree = "<group>"; };
		1AC386942AAABED00064F52A /* BlackberrySageSmash.swift */ = {isa = PBXFileReference; fileEncoding = 4; lastKnownFileType = sourcecode.swift; path = BlackberrySageSmash.swift; sourceTree = "<group>"; };
		1AC386982AAABED00064F52A /* TabBarView.swift */ = {isa = PBXFileReference; fileEncoding = 4; lastKnownFileType = sourcecode.swift; path = TabBarView.swift; sourceTree = "<group>"; };
		1AC3869A2AAABED00064F52A /* BuildOrderView.swift */ = {isa = PBXFileReference; fileEncoding = 4; lastKnownFileType = sourcecode.swift; path = BuildOrderView.swift; sourceTree = "<group>"; };
		1AC3869C2AAABED00064F52A /* RecipeCard.swift */ = {isa = PBXFileReference; fileEncoding = 4; lastKnownFileType = sourcecode.swift; path = RecipeCard.swift; sourceTree = "<group>"; };
		1AC3869D2AAABED00064F52A /* RecipeIngredientsView.swift */ = {isa = PBXFileReference; fileEncoding = 4; lastKnownFileType = sourcecode.swift; path = RecipeIngredientsView.swift; sourceTree = "<group>"; };
		1AC3869F2AAABED00064F52A /* PrepRecipeView.swift */ = {isa = PBXFileReference; fileEncoding = 4; lastKnownFileType = sourcecode.swift; path = PrepRecipeView.swift; sourceTree = "<group>"; };
		1AC386A02AAABED00064F52A /* PrepBibleListView.swift */ = {isa = PBXFileReference; fileEncoding = 4; lastKnownFileType = sourcecode.swift; path = PrepBibleListView.swift; sourceTree = "<group>"; };
		1AC386A12AAABED00064F52A /* PrepBibleViewModel.swift */ = {isa = PBXFileReference; fileEncoding = 4; lastKnownFileType = sourcecode.swift; path = PrepBibleViewModel.swift; sourceTree = "<group>"; };
		1AC386A32AAABED00064F52A /* CocktailListView.swift */ = {isa = PBXFileReference; fileEncoding = 4; lastKnownFileType = sourcecode.swift; path = CocktailListView.swift; sourceTree = "<group>"; };
		1AC386A42AAABED00064F52A /* CocktailListViewModel.swift */ = {isa = PBXFileReference; fileEncoding = 4; lastKnownFileType = sourcecode.swift; path = CocktailListViewModel.swift; sourceTree = "<group>"; };
		1AC386A72AAABED00064F52A /* ListView.swift */ = {isa = PBXFileReference; fileEncoding = 4; lastKnownFileType = sourcecode.swift; path = ListView.swift; sourceTree = "<group>"; };
		1AC386A82AAABED00064F52A /* SearchCriteriaViewModel.swift */ = {isa = PBXFileReference; fileEncoding = 4; lastKnownFileType = sourcecode.swift; path = SearchCriteriaViewModel.swift; sourceTree = "<group>"; };
		1AC386A92AAABED00064F52A /* SearchCriteriaView.swift */ = {isa = PBXFileReference; fileEncoding = 4; lastKnownFileType = sourcecode.swift; path = SearchCriteriaView.swift; sourceTree = "<group>"; };
		1AC386AA2AAABED00064F52A /* SearchBarView.swift */ = {isa = PBXFileReference; fileEncoding = 4; lastKnownFileType = sourcecode.swift; path = SearchBarView.swift; sourceTree = "<group>"; };
		1AC386AB2AAABED00064F52A /* FlavorProfileSearchView.swift */ = {isa = PBXFileReference; fileEncoding = 4; lastKnownFileType = sourcecode.swift; path = FlavorProfileSearchView.swift; sourceTree = "<group>"; };
		F4C6A8E32AAFF6AC00BB0AD0 /* Flavors.swift */ = {isa = PBXFileReference; lastKnownFileType = sourcecode.swift; path = Flavors.swift; sourceTree = "<group>"; };
		F4C6A8E52AAFFC2F00BB0AD0 /* Textures.swift */ = {isa = PBXFileReference; lastKnownFileType = sourcecode.swift; path = Textures.swift; sourceTree = "<group>"; };
		F4C6A8E72AAFFC6B00BB0AD0 /* Styles.swift */ = {isa = PBXFileReference; lastKnownFileType = sourcecode.swift; path = Styles.swift; sourceTree = "<group>"; };
		F4C6A8E92AAFFCBF00BB0AD0 /* Spirits.swift */ = {isa = PBXFileReference; lastKnownFileType = sourcecode.swift; path = Spirits.swift; sourceTree = "<group>"; };
		F4C6A8EB2AAFFE5700BB0AD0 /* Tags.swift */ = {isa = PBXFileReference; lastKnownFileType = sourcecode.swift; path = Tags.swift; sourceTree = "<group>"; };
		F4C6A8F22AB003C200BB0AD0 /* Localization.swift */ = {isa = PBXFileReference; lastKnownFileType = sourcecode.swift; path = Localization.swift; sourceTree = "<group>"; };
		F4C6A8F42AB0042400BB0AD0 /* Cocktail.swift */ = {isa = PBXFileReference; lastKnownFileType = sourcecode.swift; path = Cocktail.swift; sourceTree = "<group>"; };
		F4C6A8F62AB0145800BB0AD0 /* Profiles.swift */ = {isa = PBXFileReference; lastKnownFileType = sourcecode.swift; path = Profiles.swift; sourceTree = "<group>"; };
		F4FBF11F2AAABBB900BBF7CF /* MetaCocktailsSwiftData.app */ = {isa = PBXFileReference; explicitFileType = wrapper.application; includeInIndex = 0; path = MetaCocktailsSwiftData.app; sourceTree = BUILT_PRODUCTS_DIR; };
		F4FBF1222AAABBB900BBF7CF /* MetaCocktailsSwiftDataApp.swift */ = {isa = PBXFileReference; lastKnownFileType = sourcecode.swift; path = MetaCocktailsSwiftDataApp.swift; sourceTree = "<group>"; };
		F4FBF12B2AAABBBB00BBF7CF /* Preview Assets.xcassets */ = {isa = PBXFileReference; lastKnownFileType = folder.assetcatalog; path = "Preview Assets.xcassets"; sourceTree = "<group>"; };
/* End PBXFileReference section */

/* Begin PBXFrameworksBuildPhase section */
		F4FBF11C2AAABBB900BBF7CF /* Frameworks */ = {
			isa = PBXFrameworksBuildPhase;
			buildActionMask = 2147483647;
			files = (
			);
			runOnlyForDeploymentPostprocessing = 0;
		};
/* End PBXFrameworksBuildPhase section */

/* Begin PBXGroup section */
		1AC386762AAABED00064F52A /* Cells */ = {
			isa = PBXGroup;
			children = (
				1AC386772AAABED00064F52A /* CocktailListCell.swift */,
				1AC386782AAABED00064F52A /* PreferencesCheckListCell.swift */,
				1AC386792AAABED00064F52A /* PrepListCell.swift */,
			);
			path = Cells;
			sourceTree = "<group>";
		};
		1AC3867A2AAABED00064F52A /* Buttons */ = {
			isa = PBXGroup;
			children = (
				1AC386842AAABED00064F52A /* StandardButtonStyle.swift */,
				1AC386822AAABED00064F52A /* RoundButtonStyle.swift */,
				1AC3867B2AAABED00064F52A /* XDismissButton.swift */,
			);
			path = Buttons;
			sourceTree = "<group>";
		};
		1AC3867F2AAABED00064F52A /* Extensions */ = {
			isa = PBXGroup;
			children = (
				1AC386832AAABED00064F52A /* Extensions.swift */,
			);
			path = Extensions;
			sourceTree = "<group>";
		};
		1AC386812AAABED00064F52A /* Utilities */ = {
			isa = PBXGroup;
			children = (
				1AC3867F2AAABED00064F52A /* Extensions */,
			);
			path = Utilities;
			sourceTree = "<group>";
		};
		1AC386852AAABED00064F52A /* EntryPoint */ = {
			isa = PBXGroup;
			children = (
				F4FBF1222AAABBB900BBF7CF /* MetaCocktailsSwiftDataApp.swift */,
			);
			path = EntryPoint;
			sourceTree = "<group>";
		};
		1AC386872AAABED00064F52A /* Model */ = {
			isa = PBXGroup;
			children = (
				F4C6A8F42AB0042400BB0AD0 /* Cocktail.swift */,
				1AC3868D2AAABED00064F52A /* Components */,
				F4C6A8E12AAFF66B00BB0AD0 /* SearchTags */,
				F4C6A8F12AB003B000BB0AD0 /* Environment */,
			);
			path = Model;
			sourceTree = "<group>";
		};
		1AC386882AAABED00064F52A /* Classics */ = {
			isa = PBXGroup;
			children = (
				1AC386892AAABED00064F52A /* RamosGinFizz.swift */,
				1AC3868A2AAABED00064F52A /* Daiquiri.swift */,
			);
			path = Classics;
			sourceTree = "<group>";
		};
		1AC3868D2AAABED00064F52A /* Components */ = {
			isa = PBXGroup;
			children = (
				1AC3868F2AAABED00064F52A /* Ingredient.swift */,
				1AC3868E2AAABED00064F52A /* Glassware.swift */,
				1AC386902AAABED00064F52A /* Build.swift */,
				1AC386912AAABED00064F52A /* Garnish.swift */,
			);
			path = Components;
			sourceTree = "<group>";
		};
		1AC386932AAABED00064F52A /* ModernClassics */ = {
			isa = PBXGroup;
			children = (
				1AC386942AAABED00064F52A /* BlackberrySageSmash.swift */,
			);
			path = ModernClassics;
			sourceTree = "<group>";
		};
		1AC386962AAABED00064F52A /* Views */ = {
			isa = PBXGroup;
			children = (
				F4C6A8EF2AB0000800BB0AD0 /* Subviews */,
				1AC386972AAABED00064F52A /* Tab Bar View */,
				1AC386992AAABED00064F52A /* Build Order View */,
				1AC3869B2AAABED00064F52A /* Recipe View */,
				1AC3869E2AAABED00064F52A /* Prep Bible */,
				1AC386A22AAABED00064F52A /* Cocktail List View */,
				1AC386A52AAABED00064F52A /* Search View */,
			);
			path = Views;
			sourceTree = "<group>";
		};
		1AC386972AAABED00064F52A /* Tab Bar View */ = {
			isa = PBXGroup;
			children = (
				1AC386982AAABED00064F52A /* TabBarView.swift */,
			);
			path = "Tab Bar View";
			sourceTree = "<group>";
		};
		1AC386992AAABED00064F52A /* Build Order View */ = {
			isa = PBXGroup;
			children = (
				1AC3869A2AAABED00064F52A /* BuildOrderView.swift */,
			);
			path = "Build Order View";
			sourceTree = "<group>";
		};
		1AC3869B2AAABED00064F52A /* Recipe View */ = {
			isa = PBXGroup;
			children = (
				1AC3869C2AAABED00064F52A /* RecipeCard.swift */,
				1AC3869D2AAABED00064F52A /* RecipeIngredientsView.swift */,
			);
			path = "Recipe View";
			sourceTree = "<group>";
		};
		1AC3869E2AAABED00064F52A /* Prep Bible */ = {
			isa = PBXGroup;
			children = (
				1AC3869F2AAABED00064F52A /* PrepRecipeView.swift */,
				1AC386A02AAABED00064F52A /* PrepBibleListView.swift */,
				1AC386A12AAABED00064F52A /* PrepBibleViewModel.swift */,
			);
			path = "Prep Bible";
			sourceTree = "<group>";
		};
		1AC386A22AAABED00064F52A /* Cocktail List View */ = {
			isa = PBXGroup;
			children = (
				1AC386A32AAABED00064F52A /* CocktailListView.swift */,
				1AC386A42AAABED00064F52A /* CocktailListViewModel.swift */,
			);
			path = "Cocktail List View";
			sourceTree = "<group>";
		};
		1AC386A52AAABED00064F52A /* Search View */ = {
			isa = PBXGroup;
			children = (
				1AC386A62AAABED00064F52A /* Sub List View */,
				1AC386A82AAABED00064F52A /* SearchCriteriaViewModel.swift */,
				1AC386A92AAABED00064F52A /* SearchCriteriaView.swift */,
				1AC386AA2AAABED00064F52A /* SearchBarView.swift */,
				1AC386AB2AAABED00064F52A /* FlavorProfileSearchView.swift */,
			);
			path = "Search View";
			sourceTree = "<group>";
		};
		1AC386A62AAABED00064F52A /* Sub List View */ = {
			isa = PBXGroup;
			children = (
				1AC386A72AAABED00064F52A /* ListView.swift */,
			);
			path = "Sub List View";
			sourceTree = "<group>";
		};
		F4C6A8E12AAFF66B00BB0AD0 /* SearchTags */ = {
			isa = PBXGroup;
			children = (
				F4C6A8EB2AAFFE5700BB0AD0 /* Tags.swift */,
				F4C6A8E32AAFF6AC00BB0AD0 /* Flavors.swift */,
				F4C6A8F62AB0145800BB0AD0 /* Profiles.swift */,
				F4C6A8E52AAFFC2F00BB0AD0 /* Textures.swift */,
				F4C6A8E72AAFFC6B00BB0AD0 /* Styles.swift */,
				F4C6A8E92AAFFCBF00BB0AD0 /* Spirits.swift */,
			);
			path = SearchTags;
			sourceTree = "<group>";
		};
		F4C6A8ED2AAFFF2800BB0AD0 /* Cocktails */ = {
			isa = PBXGroup;
			children = (
				1AC386882AAABED00064F52A /* Classics */,
				1AC386932AAABED00064F52A /* ModernClassics */,
			);
			path = Cocktails;
			sourceTree = "<group>";
		};
		F4C6A8EF2AB0000800BB0AD0 /* Subviews */ = {
			isa = PBXGroup;
			children = (
				1AC3867A2AAABED00064F52A /* Buttons */,
				1AC386762AAABED00064F52A /* Cells */,
			);
			path = Subviews;
			sourceTree = "<group>";
		};
		F4C6A8F02AB0006A00BB0AD0 /* Homeless */ = {
			isa = PBXGroup;
			children = (
				1AC386922AAABED00064F52A /* Prep.swift */,
				1AC3868B2AAABED00064F52A /* PrepRecipeDescriptions.swift */,
			);
			path = Homeless;
			sourceTree = "<group>";
		};
		F4C6A8F12AB003B000BB0AD0 /* Environment */ = {
			isa = PBXGroup;
			children = (
				F4C6A8F22AB003C200BB0AD0 /* Localization.swift */,
			);
			path = Environment;
			sourceTree = "<group>";
		};
		F4FBF1162AAABBB900BBF7CF = {
			isa = PBXGroup;
			children = (
				F4FBF1212AAABBB900BBF7CF /* MetaCocktailsSwiftData */,
				F4FBF1202AAABBB900BBF7CF /* Products */,
			);
			sourceTree = "<group>";
		};
		F4FBF1202AAABBB900BBF7CF /* Products */ = {
			isa = PBXGroup;
			children = (
				F4FBF11F2AAABBB900BBF7CF /* MetaCocktailsSwiftData.app */,
			);
			name = Products;
			sourceTree = "<group>";
		};
		F4FBF1212AAABBB900BBF7CF /* MetaCocktailsSwiftData */ = {
			isa = PBXGroup;
			children = (
				1AC3867C2AAABED00064F52A /* Assets.xcassets */,
				1AC386852AAABED00064F52A /* EntryPoint */,
				1AC386962AAABED00064F52A /* Views */,
				1AC386812AAABED00064F52A /* Utilities */,
				1AC386872AAABED00064F52A /* Model */,
				F4C6A8ED2AAFFF2800BB0AD0 /* Cocktails */,
				F4C6A8F02AB0006A00BB0AD0 /* Homeless */,
				F4FBF12A2AAABBBB00BBF7CF /* Preview Content */,
			);
			path = MetaCocktailsSwiftData;
			sourceTree = "<group>";
		};
		F4FBF12A2AAABBBB00BBF7CF /* Preview Content */ = {
			isa = PBXGroup;
			children = (
				F4FBF12B2AAABBBB00BBF7CF /* Preview Assets.xcassets */,
			);
			path = "Preview Content";
			sourceTree = "<group>";
		};
/* End PBXGroup section */

/* Begin PBXNativeTarget section */
		F4FBF11E2AAABBB900BBF7CF /* MetaCocktailsSwiftData */ = {
			isa = PBXNativeTarget;
			buildConfigurationList = F4FBF12F2AAABBBB00BBF7CF /* Build configuration list for PBXNativeTarget "MetaCocktailsSwiftData" */;
			buildPhases = (
				F4FBF11B2AAABBB900BBF7CF /* Sources */,
				F4FBF11C2AAABBB900BBF7CF /* Frameworks */,
				F4FBF11D2AAABBB900BBF7CF /* Resources */,
			);
			buildRules = (
			);
			dependencies = (
			);
			name = MetaCocktailsSwiftData;
			productName = MetaCocktailsSwiftData;
			productReference = F4FBF11F2AAABBB900BBF7CF /* MetaCocktailsSwiftData.app */;
			productType = "com.apple.product-type.application";
		};
/* End PBXNativeTarget section */

/* Begin PBXProject section */
		F4FBF1172AAABBB900BBF7CF /* Project object */ = {
			isa = PBXProject;
			attributes = {
				BuildIndependentTargetsInParallel = 1;
				LastSwiftUpdateCheck = 1500;
				LastUpgradeCheck = 1500;
				TargetAttributes = {
					F4FBF11E2AAABBB900BBF7CF = {
						CreatedOnToolsVersion = 15.0;
					};
				};
			};
			buildConfigurationList = F4FBF11A2AAABBB900BBF7CF /* Build configuration list for PBXProject "MetaCocktailsSwiftData" */;
			compatibilityVersion = "Xcode 14.0";
			developmentRegion = en;
			hasScannedForEncodings = 0;
			knownRegions = (
				en,
				Base,
			);
			mainGroup = F4FBF1162AAABBB900BBF7CF;
			productRefGroup = F4FBF1202AAABBB900BBF7CF /* Products */;
			projectDirPath = "";
			projectRoot = "";
			targets = (
				F4FBF11E2AAABBB900BBF7CF /* MetaCocktailsSwiftData */,
			);
		};
/* End PBXProject section */

/* Begin PBXResourcesBuildPhase section */
		F4FBF11D2AAABBB900BBF7CF /* Resources */ = {
			isa = PBXResourcesBuildPhase;
			buildActionMask = 2147483647;
			files = (
				F4FBF12C2AAABBBB00BBF7CF /* Preview Assets.xcassets in Resources */,
				1AC386B02AAABED10064F52A /* Assets.xcassets in Resources */,
			);
			runOnlyForDeploymentPostprocessing = 0;
		};
/* End PBXResourcesBuildPhase section */

/* Begin PBXSourcesBuildPhase section */
		F4FBF11B2AAABBB900BBF7CF /* Sources */ = {
			isa = PBXSourcesBuildPhase;
			buildActionMask = 2147483647;
			files = (
				1AC386CB2AAABED10064F52A /* ListView.swift in Sources */,
				F4C6A8E82AAFFC6B00BB0AD0 /* Styles.swift in Sources */,
				F4C6A8F52AB0042400BB0AD0 /* Cocktail.swift in Sources */,
				1AC386B42AAABED10064F52A /* Extensions.swift in Sources */,
				1AC386C92AAABED10064F52A /* CocktailListView.swift in Sources */,
				F4C6A8F32AB003C200BB0AD0 /* Localization.swift in Sources */,
				F4C6A8EC2AAFFE5700BB0AD0 /* Tags.swift in Sources */,
				1AC386CA2AAABED10064F52A /* CocktailListViewModel.swift in Sources */,
				F4C6A8EA2AAFFCBF00BB0AD0 /* Spirits.swift in Sources */,
				1AC386BB2AAABED10064F52A /* Glassware.swift in Sources */,
				1AC386BE2AAABED10064F52A /* Garnish.swift in Sources */,
				1AC386C52AAABED10064F52A /* RecipeIngredientsView.swift in Sources */,
				F4C6A8F72AB0145800BB0AD0 /* Profiles.swift in Sources */,
				1AC386CE2AAABED10064F52A /* SearchBarView.swift in Sources */,
				1AC386B72AAABED10064F52A /* RamosGinFizz.swift in Sources */,
				1AC386BC2AAABED10064F52A /* Ingredient.swift in Sources */,
				1AC386C02AAABED10064F52A /* BlackberrySageSmash.swift in Sources */,
				1AC386C72AAABED10064F52A /* PrepBibleListView.swift in Sources */,
				1AC386AE2AAABED10064F52A /* PrepListCell.swift in Sources */,
				1AC386AD2AAABED10064F52A /* PreferencesCheckListCell.swift in Sources */,
				F4FBF1232AAABBB900BBF7CF /* MetaCocktailsSwiftDataApp.swift in Sources */,
				1AC386B82AAABED10064F52A /* Daiquiri.swift in Sources */,
				1AC386C32AAABED10064F52A /* BuildOrderView.swift in Sources */,
				1AC386CC2AAABED10064F52A /* SearchCriteriaViewModel.swift in Sources */,
				1AC386CD2AAABED10064F52A /* SearchCriteriaView.swift in Sources */,
				1AC386AC2AAABED10064F52A /* CocktailListCell.swift in Sources */,
				1AC386CF2AAABED10064F52A /* FlavorProfileSearchView.swift in Sources */,
				1AC386C42AAABED10064F52A /* RecipeCard.swift in Sources */,
				F4C6A8E62AAFFC2F00BB0AD0 /* Textures.swift in Sources */,
				1AC386C62AAABED10064F52A /* PrepRecipeView.swift in Sources */,
				1AC386B32AAABED10064F52A /* RoundButtonStyle.swift in Sources */,
				1AC386BD2AAABED10064F52A /* Build.swift in Sources */,
				F4C6A8E42AAFF6AC00BB0AD0 /* Flavors.swift in Sources */,
				1AC386C82AAABED10064F52A /* PrepBibleViewModel.swift in Sources */,
				1AC386BF2AAABED10064F52A /* Prep.swift in Sources */,
				1AC386C22AAABED10064F52A /* TabBarView.swift in Sources */,
				1AC386B52AAABED10064F52A /* StandardButtonStyle.swift in Sources */,
				1AC386AF2AAABED10064F52A /* XDismissButton.swift in Sources */,
				1AC386B92AAABED10064F52A /* PrepRecipeDescriptions.swift in Sources */,
			);
			runOnlyForDeploymentPostprocessing = 0;
		};
/* End PBXSourcesBuildPhase section */

/* Begin XCBuildConfiguration section */
		F4FBF12D2AAABBBB00BBF7CF /* Debug */ = {
			isa = XCBuildConfiguration;
			buildSettings = {
				ALWAYS_SEARCH_USER_PATHS = NO;
				ASSETCATALOG_COMPILER_GENERATE_SWIFT_ASSET_SYMBOL_EXTENSIONS = YES;
				CLANG_ANALYZER_NONNULL = YES;
				CLANG_ANALYZER_NUMBER_OBJECT_CONVERSION = YES_AGGRESSIVE;
				CLANG_CXX_LANGUAGE_STANDARD = "gnu++20";
				CLANG_ENABLE_MODULES = YES;
				CLANG_ENABLE_OBJC_ARC = YES;
				CLANG_ENABLE_OBJC_WEAK = YES;
				CLANG_WARN_BLOCK_CAPTURE_AUTORELEASING = YES;
				CLANG_WARN_BOOL_CONVERSION = YES;
				CLANG_WARN_COMMA = YES;
				CLANG_WARN_CONSTANT_CONVERSION = YES;
				CLANG_WARN_DEPRECATED_OBJC_IMPLEMENTATIONS = YES;
				CLANG_WARN_DIRECT_OBJC_ISA_USAGE = YES_ERROR;
				CLANG_WARN_DOCUMENTATION_COMMENTS = YES;
				CLANG_WARN_EMPTY_BODY = YES;
				CLANG_WARN_ENUM_CONVERSION = YES;
				CLANG_WARN_INFINITE_RECURSION = YES;
				CLANG_WARN_INT_CONVERSION = YES;
				CLANG_WARN_NON_LITERAL_NULL_CONVERSION = YES;
				CLANG_WARN_OBJC_IMPLICIT_RETAIN_SELF = YES;
				CLANG_WARN_OBJC_LITERAL_CONVERSION = YES;
				CLANG_WARN_OBJC_ROOT_CLASS = YES_ERROR;
				CLANG_WARN_QUOTED_INCLUDE_IN_FRAMEWORK_HEADER = YES;
				CLANG_WARN_RANGE_LOOP_ANALYSIS = YES;
				CLANG_WARN_STRICT_PROTOTYPES = YES;
				CLANG_WARN_SUSPICIOUS_MOVE = YES;
				CLANG_WARN_UNGUARDED_AVAILABILITY = YES_AGGRESSIVE;
				CLANG_WARN_UNREACHABLE_CODE = YES;
				CLANG_WARN__DUPLICATE_METHOD_MATCH = YES;
				COPY_PHASE_STRIP = NO;
				DEBUG_INFORMATION_FORMAT = dwarf;
				ENABLE_STRICT_OBJC_MSGSEND = YES;
				ENABLE_TESTABILITY = YES;
				ENABLE_USER_SCRIPT_SANDBOXING = YES;
				GCC_C_LANGUAGE_STANDARD = gnu17;
				GCC_DYNAMIC_NO_PIC = NO;
				GCC_NO_COMMON_BLOCKS = YES;
				GCC_OPTIMIZATION_LEVEL = 0;
				GCC_PREPROCESSOR_DEFINITIONS = (
					"DEBUG=1",
					"$(inherited)",
				);
				GCC_WARN_64_TO_32_BIT_CONVERSION = YES;
				GCC_WARN_ABOUT_RETURN_TYPE = YES_ERROR;
				GCC_WARN_UNDECLARED_SELECTOR = YES;
				GCC_WARN_UNINITIALIZED_AUTOS = YES_AGGRESSIVE;
				GCC_WARN_UNUSED_FUNCTION = YES;
				GCC_WARN_UNUSED_VARIABLE = YES;
				IPHONEOS_DEPLOYMENT_TARGET = 17.0;
				LOCALIZATION_PREFERS_STRING_CATALOGS = YES;
				MTL_ENABLE_DEBUG_INFO = INCLUDE_SOURCE;
				MTL_FAST_MATH = YES;
				ONLY_ACTIVE_ARCH = YES;
				SDKROOT = iphoneos;
				SWIFT_ACTIVE_COMPILATION_CONDITIONS = "DEBUG $(inherited)";
				SWIFT_OPTIMIZATION_LEVEL = "-Onone";
			};
			name = Debug;
		};
		F4FBF12E2AAABBBB00BBF7CF /* Release */ = {
			isa = XCBuildConfiguration;
			buildSettings = {
				ALWAYS_SEARCH_USER_PATHS = NO;
				ASSETCATALOG_COMPILER_GENERATE_SWIFT_ASSET_SYMBOL_EXTENSIONS = YES;
				CLANG_ANALYZER_NONNULL = YES;
				CLANG_ANALYZER_NUMBER_OBJECT_CONVERSION = YES_AGGRESSIVE;
				CLANG_CXX_LANGUAGE_STANDARD = "gnu++20";
				CLANG_ENABLE_MODULES = YES;
				CLANG_ENABLE_OBJC_ARC = YES;
				CLANG_ENABLE_OBJC_WEAK = YES;
				CLANG_WARN_BLOCK_CAPTURE_AUTORELEASING = YES;
				CLANG_WARN_BOOL_CONVERSION = YES;
				CLANG_WARN_COMMA = YES;
				CLANG_WARN_CONSTANT_CONVERSION = YES;
				CLANG_WARN_DEPRECATED_OBJC_IMPLEMENTATIONS = YES;
				CLANG_WARN_DIRECT_OBJC_ISA_USAGE = YES_ERROR;
				CLANG_WARN_DOCUMENTATION_COMMENTS = YES;
				CLANG_WARN_EMPTY_BODY = YES;
				CLANG_WARN_ENUM_CONVERSION = YES;
				CLANG_WARN_INFINITE_RECURSION = YES;
				CLANG_WARN_INT_CONVERSION = YES;
				CLANG_WARN_NON_LITERAL_NULL_CONVERSION = YES;
				CLANG_WARN_OBJC_IMPLICIT_RETAIN_SELF = YES;
				CLANG_WARN_OBJC_LITERAL_CONVERSION = YES;
				CLANG_WARN_OBJC_ROOT_CLASS = YES_ERROR;
				CLANG_WARN_QUOTED_INCLUDE_IN_FRAMEWORK_HEADER = YES;
				CLANG_WARN_RANGE_LOOP_ANALYSIS = YES;
				CLANG_WARN_STRICT_PROTOTYPES = YES;
				CLANG_WARN_SUSPICIOUS_MOVE = YES;
				CLANG_WARN_UNGUARDED_AVAILABILITY = YES_AGGRESSIVE;
				CLANG_WARN_UNREACHABLE_CODE = YES;
				CLANG_WARN__DUPLICATE_METHOD_MATCH = YES;
				COPY_PHASE_STRIP = NO;
				DEBUG_INFORMATION_FORMAT = "dwarf-with-dsym";
				ENABLE_NS_ASSERTIONS = NO;
				ENABLE_STRICT_OBJC_MSGSEND = YES;
				ENABLE_USER_SCRIPT_SANDBOXING = YES;
				GCC_C_LANGUAGE_STANDARD = gnu17;
				GCC_NO_COMMON_BLOCKS = YES;
				GCC_WARN_64_TO_32_BIT_CONVERSION = YES;
				GCC_WARN_ABOUT_RETURN_TYPE = YES_ERROR;
				GCC_WARN_UNDECLARED_SELECTOR = YES;
				GCC_WARN_UNINITIALIZED_AUTOS = YES_AGGRESSIVE;
				GCC_WARN_UNUSED_FUNCTION = YES;
				GCC_WARN_UNUSED_VARIABLE = YES;
				IPHONEOS_DEPLOYMENT_TARGET = 17.0;
				LOCALIZATION_PREFERS_STRING_CATALOGS = YES;
				MTL_ENABLE_DEBUG_INFO = NO;
				MTL_FAST_MATH = YES;
				SDKROOT = iphoneos;
				SWIFT_COMPILATION_MODE = wholemodule;
				VALIDATE_PRODUCT = YES;
			};
			name = Release;
		};
		F4FBF1302AAABBBB00BBF7CF /* Debug */ = {
			isa = XCBuildConfiguration;
			buildSettings = {
				ASSETCATALOG_COMPILER_APPICON_NAME = AppIcon;
				ASSETCATALOG_COMPILER_GLOBAL_ACCENT_COLOR_NAME = AccentColor;
				CODE_SIGN_STYLE = Automatic;
				CURRENT_PROJECT_VERSION = 1;
				DEVELOPMENT_ASSET_PATHS = "\"MetaCocktailsSwiftData/Preview Content\"";
				DEVELOPMENT_TEAM = 5P5V4X77XJ;
				ENABLE_PREVIEWS = YES;
				GENERATE_INFOPLIST_FILE = YES;
				INFOPLIST_KEY_UIApplicationSceneManifest_Generation = YES;
				INFOPLIST_KEY_UIApplicationSupportsIndirectInputEvents = YES;
				INFOPLIST_KEY_UILaunchScreen_Generation = YES;
				INFOPLIST_KEY_UISupportedInterfaceOrientations_iPad = "UIInterfaceOrientationPortrait UIInterfaceOrientationPortraitUpsideDown UIInterfaceOrientationLandscapeLeft UIInterfaceOrientationLandscapeRight";
				INFOPLIST_KEY_UISupportedInterfaceOrientations_iPhone = "UIInterfaceOrientationPortrait UIInterfaceOrientationLandscapeLeft UIInterfaceOrientationLandscapeRight";
				LD_RUNPATH_SEARCH_PATHS = (
					"$(inherited)",
					"@executable_path/Frameworks",
				);
				MARKETING_VERSION = 1.0;
				PRODUCT_BUNDLE_IDENTIFIER = com.matthewhunt.gmail.MetaCocktailsSwiftData;
				PRODUCT_NAME = "$(TARGET_NAME)";
				SWIFT_EMIT_LOC_STRINGS = YES;
				SWIFT_VERSION = 5.0;
				TARGETED_DEVICE_FAMILY = "1,2";
			};
			name = Debug;
		};
		F4FBF1312AAABBBB00BBF7CF /* Release */ = {
			isa = XCBuildConfiguration;
			buildSettings = {
				ASSETCATALOG_COMPILER_APPICON_NAME = AppIcon;
				ASSETCATALOG_COMPILER_GLOBAL_ACCENT_COLOR_NAME = AccentColor;
				CODE_SIGN_STYLE = Automatic;
				CURRENT_PROJECT_VERSION = 1;
				DEVELOPMENT_ASSET_PATHS = "\"MetaCocktailsSwiftData/Preview Content\"";
				DEVELOPMENT_TEAM = 5P5V4X77XJ;
				ENABLE_PREVIEWS = YES;
				GENERATE_INFOPLIST_FILE = YES;
				INFOPLIST_KEY_UIApplicationSceneManifest_Generation = YES;
				INFOPLIST_KEY_UIApplicationSupportsIndirectInputEvents = YES;
				INFOPLIST_KEY_UILaunchScreen_Generation = YES;
				INFOPLIST_KEY_UISupportedInterfaceOrientations_iPad = "UIInterfaceOrientationPortrait UIInterfaceOrientationPortraitUpsideDown UIInterfaceOrientationLandscapeLeft UIInterfaceOrientationLandscapeRight";
				INFOPLIST_KEY_UISupportedInterfaceOrientations_iPhone = "UIInterfaceOrientationPortrait UIInterfaceOrientationLandscapeLeft UIInterfaceOrientationLandscapeRight";
				LD_RUNPATH_SEARCH_PATHS = (
					"$(inherited)",
					"@executable_path/Frameworks",
				);
				MARKETING_VERSION = 1.0;
				PRODUCT_BUNDLE_IDENTIFIER = com.matthewhunt.gmail.MetaCocktailsSwiftData;
				PRODUCT_NAME = "$(TARGET_NAME)";
				SWIFT_EMIT_LOC_STRINGS = YES;
				SWIFT_VERSION = 5.0;
				TARGETED_DEVICE_FAMILY = "1,2";
			};
			name = Release;
		};
/* End XCBuildConfiguration section */

/* Begin XCConfigurationList section */
		F4FBF11A2AAABBB900BBF7CF /* Build configuration list for PBXProject "MetaCocktailsSwiftData" */ = {
			isa = XCConfigurationList;
			buildConfigurations = (
				F4FBF12D2AAABBBB00BBF7CF /* Debug */,
				F4FBF12E2AAABBBB00BBF7CF /* Release */,
			);
			defaultConfigurationIsVisible = 0;
			defaultConfigurationName = Release;
		};
		F4FBF12F2AAABBBB00BBF7CF /* Build configuration list for PBXNativeTarget "MetaCocktailsSwiftData" */ = {
			isa = XCConfigurationList;
			buildConfigurations = (
				F4FBF1302AAABBBB00BBF7CF /* Debug */,
				F4FBF1312AAABBBB00BBF7CF /* Release */,
			);
			defaultConfigurationIsVisible = 0;
			defaultConfigurationName = Release;
		};
/* End XCConfigurationList section */
	};
	rootObject = F4FBF1172AAABBB900BBF7CF /* Project object */;
}
