// !$*UTF8*$!
{
	archiveVersion = 1;
	classes = {
	};
	objectVersion = 56;
	objects = {

/* Begin PBXBuildFile section */
		1AC386AD2AAABED10064F52A /* PreferencesCheckListCell.swift in Sources */ = {isa = PBXBuildFile; fileRef = 1AC386782AAABED00064F52A /* PreferencesCheckListCell.swift */; };
		1AC386AF2AAABED10064F52A /* XDismissButton.swift in Sources */ = {isa = PBXBuildFile; fileRef = 1AC3867B2AAABED00064F52A /* XDismissButton.swift */; };
		1AC386B02AAABED10064F52A /* Assets.xcassets in Resources */ = {isa = PBXBuildFile; fileRef = 1AC3867C2AAABED00064F52A /* Assets.xcassets */; };
		1AC386B32AAABED10064F52A /* RoundButtonStyle.swift in Sources */ = {isa = PBXBuildFile; fileRef = 1AC386822AAABED00064F52A /* RoundButtonStyle.swift */; };
		1AC386B42AAABED10064F52A /* Extensions.swift in Sources */ = {isa = PBXBuildFile; fileRef = 1AC386832AAABED00064F52A /* Extensions.swift */; };
		1AC386B52AAABED10064F52A /* StandardButtonStyle.swift in Sources */ = {isa = PBXBuildFile; fileRef = 1AC386842AAABED00064F52A /* StandardButtonStyle.swift */; };
		1AC386B72AAABED10064F52A /* RamosGinFizz.swift in Sources */ = {isa = PBXBuildFile; fileRef = 1AC386892AAABED00064F52A /* RamosGinFizz.swift */; };
		1AC386BB2AAABED10064F52A /* Glassware.swift in Sources */ = {isa = PBXBuildFile; fileRef = 1AC3868E2AAABED00064F52A /* Glassware.swift */; };
		1AC386BC2AAABED10064F52A /* Ingredient.swift in Sources */ = {isa = PBXBuildFile; fileRef = 1AC3868F2AAABED00064F52A /* Ingredient.swift */; };
		1AC386BD2AAABED10064F52A /* Build.swift in Sources */ = {isa = PBXBuildFile; fileRef = 1AC386902AAABED00064F52A /* Build.swift */; };
		1AC386BE2AAABED10064F52A /* GarnishList.swift in Sources */ = {isa = PBXBuildFile; fileRef = 1AC386912AAABED00064F52A /* GarnishList.swift */; };
		1AC386BF2AAABED10064F52A /* Prep.swift in Sources */ = {isa = PBXBuildFile; fileRef = 1AC386922AAABED00064F52A /* Prep.swift */; };
		1AC386C22AAABED10064F52A /* TabBarView.swift in Sources */ = {isa = PBXBuildFile; fileRef = 1AC386982AAABED00064F52A /* TabBarView.swift */; };
		1AC386C32AAABED10064F52A /* BuildOrderView.swift in Sources */ = {isa = PBXBuildFile; fileRef = 1AC3869A2AAABED00064F52A /* BuildOrderView.swift */; };
		1AC386C52AAABED10064F52A /* RecipeView.swift in Sources */ = {isa = PBXBuildFile; fileRef = 1AC3869D2AAABED00064F52A /* RecipeView.swift */; };
		1AC386C62AAABED10064F52A /* PrepRecipeView.swift in Sources */ = {isa = PBXBuildFile; fileRef = 1AC3869F2AAABED00064F52A /* PrepRecipeView.swift */; };
		1AC386C82AAABED10064F52A /* PrepBible.swift in Sources */ = {isa = PBXBuildFile; fileRef = 1AC386A12AAABED00064F52A /* PrepBible.swift */; };
		1AC386C92AAABED10064F52A /* CocktailListView.swift in Sources */ = {isa = PBXBuildFile; fileRef = 1AC386A32AAABED00064F52A /* CocktailListView.swift */; };
		1AC386CA2AAABED10064F52A /* CocktailListViewModel.swift in Sources */ = {isa = PBXBuildFile; fileRef = 1AC386A42AAABED00064F52A /* CocktailListViewModel.swift */; };
		1AC386CD2AAABED10064F52A /* SearchCriteriaView.swift in Sources */ = {isa = PBXBuildFile; fileRef = 1AC386A92AAABED00064F52A /* SearchCriteriaView.swift */; };
		1AC386CE2AAABED10064F52A /* SearchBarView.swift in Sources */ = {isa = PBXBuildFile; fileRef = 1AC386AA2AAABED00064F52A /* SearchBarView.swift */; };
		1AD87A272AE8B65800859028 /* CloverClub.swift in Sources */ = {isa = PBXBuildFile; fileRef = 1AD87A262AE8B65800859028 /* CloverClub.swift */; };
		4D088FCA2B62E3640047B056 /* RecipeViewModel.swift in Sources */ = {isa = PBXBuildFile; fileRef = 4D088FC92B62E3640047B056 /* RecipeViewModel.swift */; };
		4D1E85C72B5C97DB00214BC6 /* AuthorNames.swift in Sources */ = {isa = PBXBuildFile; fileRef = 4D1E85C62B5C97DB00214BC6 /* AuthorNames.swift */; };
		4D1F146C2B50B24F00FC3B85 /* BasicSearchView.swift in Sources */ = {isa = PBXBuildFile; fileRef = 4D1F146B2B50B24F00FC3B85 /* BasicSearchView.swift */; };
		4D1F14722B50B64500FC3B85 /* BasicComponentSearchListView.swift in Sources */ = {isa = PBXBuildFile; fileRef = 4D1F14712B50B64500FC3B85 /* BasicComponentSearchListView.swift */; };
		4D1F15482B564DB600FC3B85 /* ResultsConfigurationMenu.swift in Sources */ = {isa = PBXBuildFile; fileRef = 4D1F15472B564DB600FC3B85 /* ResultsConfigurationMenu.swift */; };
		4D49243D2B7B5E2700BBE86C /* BatchButton .swift in Sources */ = {isa = PBXBuildFile; fileRef = 4D49243C2B7B5E2700BBE86C /* BatchButton .swift */; };
		4D54F7322B795AA100D046D9 /* SplitBatchView.swift in Sources */ = {isa = PBXBuildFile; fileRef = 4D54F7312B795AA100D046D9 /* SplitBatchView.swift */; };
		4D54F7342B795E2700D046D9 /* SplitBatchCell.swift in Sources */ = {isa = PBXBuildFile; fileRef = 4D54F7332B795E2700D046D9 /* SplitBatchCell.swift */; };
		4D54F7362B79F1E500D046D9 /* ContainerMenuView.swift in Sources */ = {isa = PBXBuildFile; fileRef = 4D54F7352B79F1E500D046D9 /* ContainerMenuView.swift */; };
		4D54F7392B7AFC1200D046D9 /* CBCLoadedCocktailView.swift in Sources */ = {isa = PBXBuildFile; fileRef = 4D54F7382B7AFC1200D046D9 /* CBCLoadedCocktailView.swift */; };
		4D54F73E2B7B053800D046D9 /* LoadedCocktailIngredientCell.swift in Sources */ = {isa = PBXBuildFile; fileRef = 4D54F73D2B7B053800D046D9 /* LoadedCocktailIngredientCell.swift */; };
		4D5DA08E2B9E8E6A00C14F1F /* AddBuildStepDetailView.swift in Sources */ = {isa = PBXBuildFile; fileRef = 4D5DA08D2B9E8E6A00C14F1F /* AddBuildStepDetailView.swift */; };
		4D5DA0942B9E9C4900C14F1F /* CocktailProfileView.swift in Sources */ = {isa = PBXBuildFile; fileRef = 4D5DA0932B9E9C4900C14F1F /* CocktailProfileView.swift */; };
		4D5DA0962B9EB43600C14F1F /* AddedIngredientView.swift in Sources */ = {isa = PBXBuildFile; fileRef = 4D5DA0952B9EB43600C14F1F /* AddedIngredientView.swift */; };
		4D5DA0982B9EB46E00C14F1F /* AddBuildStepView.swift in Sources */ = {isa = PBXBuildFile; fileRef = 4D5DA0972B9EB46E00C14F1F /* AddBuildStepView.swift */; };
		4D5DA09A2B9EBEB900C14F1F /* CustomAlertView.swift in Sources */ = {isa = PBXBuildFile; fileRef = 4D5DA0992B9EBEB900C14F1F /* CustomAlertView.swift */; };
		4D67612E2C3EE46A00A5939C /* GarnishDetailView.swift in Sources */ = {isa = PBXBuildFile; fileRef = 4D67612D2C3EE46A00A5939C /* GarnishDetailView.swift */; };
		4D6761302C3F317D00A5939C /* AddCustomGarnishView.swift in Sources */ = {isa = PBXBuildFile; fileRef = 4D67612F2C3F317D00A5939C /* AddCustomGarnishView.swift */; };
		4D7439892B9D277F0020C3B8 /* BackButton.swift in Sources */ = {isa = PBXBuildFile; fileRef = 4D7439882B9D277F0020C3B8 /* BackButton.swift */; };
		4D74398B2B9E581A0020C3B8 /* LoadSampleCocktailsButton.swift in Sources */ = {isa = PBXBuildFile; fileRef = 4D74398A2B9E581A0020C3B8 /* LoadSampleCocktailsButton.swift */; };
		4D74398E2B9E58820020C3B8 /* CocktailCollectionPicker.swift in Sources */ = {isa = PBXBuildFile; fileRef = 4D74398D2B9E58820020C3B8 /* CocktailCollectionPicker.swift */; };
		4D7439902B9E59EA0020C3B8 /* SpecifiedListView.swift in Sources */ = {isa = PBXBuildFile; fileRef = 4D74398F2B9E59EA0020C3B8 /* SpecifiedListView.swift */; };
		4D7439922B9E5A2A0020C3B8 /* AllCocktailsListView.swift in Sources */ = {isa = PBXBuildFile; fileRef = 4D7439912B9E5A2A0020C3B8 /* AllCocktailsListView.swift */; };
		4D7B01752B72BF0A0026FE34 /* MainBatchView.swift in Sources */ = {isa = PBXBuildFile; fileRef = 4D7B01742B72BF0A0026FE34 /* MainBatchView.swift */; };
		4D7B01772B72C2260026FE34 /* BottleBatchCell.swift in Sources */ = {isa = PBXBuildFile; fileRef = 4D7B01762B72C2260026FE34 /* BottleBatchCell.swift */; };
		4DA5676E2B6C7785003F6F04 /* Zombie.swift in Sources */ = {isa = PBXBuildFile; fileRef = 4DA5676D2B6C7785003F6F04 /* Zombie.swift */; };
		4DA567AF2B6CF101003F6F04 /* EightySixCheckListCell.swift in Sources */ = {isa = PBXBuildFile; fileRef = 4DA567AE2B6CF101003F6F04 /* EightySixCheckListCell.swift */; };
		4DA568642B70AA41003F6F04 /* SearchButtonView.swift in Sources */ = {isa = PBXBuildFile; fileRef = 4DA568632B70AA41003F6F04 /* SearchButtonView.swift */; };
		4DA568662B70AF07003F6F04 /* CBCViewModel.swift in Sources */ = {isa = PBXBuildFile; fileRef = 4DA568652B70AF07003F6F04 /* CBCViewModel.swift */; };
		4DA5686A2B70BC4F003F6F04 /* BlackNWhiteButton.swift in Sources */ = {isa = PBXBuildFile; fileRef = 4DA568692B70BC4F003F6F04 /* BlackNWhiteButton.swift */; };
		4DB1C0B92B46D4E600943C69 /* CocktailComponent.swift in Sources */ = {isa = PBXBuildFile; fileRef = 4DB1C0B82B46D4E600943C69 /* CocktailComponent.swift */; };
		4DB1C0BC2B46D63300943C69 /* CocktailResultListView.swift in Sources */ = {isa = PBXBuildFile; fileRef = 4DB1C0BB2B46D63300943C69 /* CocktailResultListView.swift */; };
		4DB1C0BE2B46D74B00943C69 /* ResultViewSectionData.swift in Sources */ = {isa = PBXBuildFile; fileRef = 4DB1C0BD2B46D74B00943C69 /* ResultViewSectionData.swift */; };
		4DBFF8552B60A9AC0011B5B1 /* Brunelle.swift in Sources */ = {isa = PBXBuildFile; fileRef = 4DBFF8542B60A9AC0011B5B1 /* Brunelle.swift */; };
		4DCAA7A52C35E77200FBC4FE /* IngredeientRecipeView.swift in Sources */ = {isa = PBXBuildFile; fileRef = 4DCAA7A42C35E77200FBC4FE /* IngredeientRecipeView.swift */; };
		4DCAA7A72C35E83F00FBC4FE /* AddRecipeStepDetailView.swift in Sources */ = {isa = PBXBuildFile; fileRef = 4DCAA7A62C35E83F00FBC4FE /* AddRecipeStepDetailView.swift */; };
		4DCAA7A92C373D1700FBC4FE /* AddExistingIngredientDetailView.swift in Sources */ = {isa = PBXBuildFile; fileRef = 4DCAA7A82C373D1700FBC4FE /* AddExistingIngredientDetailView.swift */; };
		4DD0DE992B97E020008EF203 /* TabBarComponents.swift in Sources */ = {isa = PBXBuildFile; fileRef = 4DD0DE982B97E020008EF203 /* TabBarComponents.swift */; };
		4DD0DE9E2B97F5E1008EF203 /* TestCocktails.swift in Sources */ = {isa = PBXBuildFile; fileRef = 4DD0DE9D2B97F5E1008EF203 /* TestCocktails.swift */; };
		4DDC116C2B857EF0009EF5C4 /* SwipeRecipeView.swift in Sources */ = {isa = PBXBuildFile; fileRef = 4DDC116B2B857EF0009EF5C4 /* SwipeRecipeView.swift */; };
		4DDC116E2B861576009EF5C4 /* InlineDisclosureGroupStyle.swift in Sources */ = {isa = PBXBuildFile; fileRef = 4DDC116D2B861576009EF5C4 /* InlineDisclosureGroupStyle.swift */; };
		4DE33DF72B8D933700312EC3 /* AddCustomIngredientView.swift in Sources */ = {isa = PBXBuildFile; fileRef = 4DE33DF62B8D933700312EC3 /* AddCustomIngredientView.swift */; };
		4DE33DF92B8D96B500312EC3 /* AddCocktailViewModel.swift in Sources */ = {isa = PBXBuildFile; fileRef = 4DE33DF82B8D96B500312EC3 /* AddCocktailViewModel.swift */; };
		4DED94462BE70A34002305C2 /* NumberOfCocktailsModal.swift in Sources */ = {isa = PBXBuildFile; fileRef = 4DED94452BE70A34002305C2 /* NumberOfCocktailsModal.swift */; };
		4DED94482BE73889002305C2 /* FloatingPromptView.swift in Sources */ = {isa = PBXBuildFile; fileRef = 4DED94472BE73889002305C2 /* FloatingPromptView.swift */; };
		4DED944E2C098DBF002305C2 /* SimpleBatchCell.swift in Sources */ = {isa = PBXBuildFile; fileRef = 4DED944D2C098DBF002305C2 /* SimpleBatchCell.swift */; };
		4DED94502C0E38BC002305C2 /* EditBatchModalView.swift in Sources */ = {isa = PBXBuildFile; fileRef = 4DED944F2C0E38BC002305C2 /* EditBatchModalView.swift */; };
		F40FB6B12B7E38DA0047D597 /* CocktailCollection.swift in Sources */ = {isa = PBXBuildFile; fileRef = F40FB6B02B7E38DA0047D597 /* CocktailCollection.swift */; };
		F41045072AD4FD42000CA913 /* CocktailImageView.swift in Sources */ = {isa = PBXBuildFile; fileRef = F41045062AD4FD42000CA913 /* CocktailImageView.swift */; };
		F44A28F72AC26A6A0083C04D /* TagLayout.swift in Sources */ = {isa = PBXBuildFile; fileRef = F44A28F62AC26A6A0083C04D /* TagLayout.swift */; };
		F4872FE42C4307C70092F8FF /* default.store in Resources */ = {isa = PBXBuildFile; fileRef = F4872FE12C4307C70092F8FF /* default.store */; };
		F4872FE52C4307C70092F8FF /* default.store-wal in Resources */ = {isa = PBXBuildFile; fileRef = F4872FE32C4307C70092F8FF /* default.store-wal */; };
		F4872FE62C4307C70092F8FF /* default.store-shm in Resources */ = {isa = PBXBuildFile; fileRef = F4872FE22C4307C70092F8FF /* default.store-shm */; };
		F4A628E22B7E31BF0084FD80 /* Variation.swift in Sources */ = {isa = PBXBuildFile; fileRef = F4A628E12B7E31BF0084FD80 /* Variation.swift */; };
		F4AA50482B93A54E00A05F54 /* AddCocktailView.swift in Sources */ = {isa = PBXBuildFile; fileRef = F4AA50472B93A54E00A05F54 /* AddCocktailView.swift */; };
		F4AA6ADC2B84F10D003DBB80 /* Preload.swift in Sources */ = {isa = PBXBuildFile; fileRef = F4AA6ADB2B84F10D003DBB80 /* Preload.swift */; };
		F4B0ABF32B13FB2A00336D05 /* SearchResultsView.swift in Sources */ = {isa = PBXBuildFile; fileRef = F4B0ABF22B13FB2A00336D05 /* SearchResultsView.swift */; };
		F4C5C3E12B3B3F2E005B2261 /* IngredientType.swift in Sources */ = {isa = PBXBuildFile; fileRef = F4C5C3E02B3B3F2E005B2261 /* IngredientType.swift */; };
		F4C5C3E42B3B4086005B2261 /* NonAlchololicIngredients.swift in Sources */ = {isa = PBXBuildFile; fileRef = F4C5C3E32B3B4086005B2261 /* NonAlchololicIngredients.swift */; };
		F4C5C3E62B3B41BA005B2261 /* Alcohol.swift in Sources */ = {isa = PBXBuildFile; fileRef = F4C5C3E52B3B41BA005B2261 /* Alcohol.swift */; };
		F4C6A8E42AAFF6AC00BB0AD0 /* Flavors.swift in Sources */ = {isa = PBXBuildFile; fileRef = F4C6A8E32AAFF6AC00BB0AD0 /* Flavors.swift */; };
		F4C6A8E82AAFFC6B00BB0AD0 /* Styles.swift in Sources */ = {isa = PBXBuildFile; fileRef = F4C6A8E72AAFFC6B00BB0AD0 /* Styles.swift */; };
		F4C6A8EC2AAFFE5700BB0AD0 /* Tags.swift in Sources */ = {isa = PBXBuildFile; fileRef = F4C6A8EB2AAFFE5700BB0AD0 /* Tags.swift */; };
		F4C6A8F32AB003C200BB0AD0 /* Localization.swift in Sources */ = {isa = PBXBuildFile; fileRef = F4C6A8F22AB003C200BB0AD0 /* Localization.swift */; };
		F4C6A8F52AB0042400BB0AD0 /* Cocktail.swift in Sources */ = {isa = PBXBuildFile; fileRef = F4C6A8F42AB0042400BB0AD0 /* Cocktail.swift */; };
		F4C6A8F72AB0145800BB0AD0 /* Profiles.swift in Sources */ = {isa = PBXBuildFile; fileRef = F4C6A8F62AB0145800BB0AD0 /* Profiles.swift */; };
		F4C74C832AD8CC9600EA3334 /* Ice.swift in Sources */ = {isa = PBXBuildFile; fileRef = F4C74C822AD8CC9600EA3334 /* Ice.swift */; };
		F4DBE4C52AB8831C009A0C09 /* AnimatedSearchView.swift in Sources */ = {isa = PBXBuildFile; fileRef = F4DBE4C42AB8831C009A0C09 /* AnimatedSearchView.swift */; };
		F4E7F1732BE2E726006B6050 /* RecipeFlipCardView.swift in Sources */ = {isa = PBXBuildFile; fileRef = F4E7F1722BE2E726006B6050 /* RecipeFlipCardView.swift */; };
		F4F7429E2AD6419100161A93 /* AdvancedCriteriaListView.swift in Sources */ = {isa = PBXBuildFile; fileRef = F4F7429D2AD6419100161A93 /* AdvancedCriteriaListView.swift */; };
		F4F742A02AD643A500161A93 /* SearchCriteriaViewModel.swift in Sources */ = {isa = PBXBuildFile; fileRef = F4F7429F2AD643A500161A93 /* SearchCriteriaViewModel.swift */; };
		F4FBF1232AAABBB900BBF7CF /* MetaCocktailsSwiftDataApp.swift in Sources */ = {isa = PBXBuildFile; fileRef = F4FBF1222AAABBB900BBF7CF /* MetaCocktailsSwiftDataApp.swift */; };
		F4FBF12C2AAABBBB00BBF7CF /* Preview Assets.xcassets in Resources */ = {isa = PBXBuildFile; fileRef = F4FBF12B2AAABBBB00BBF7CF /* Preview Assets.xcassets */; };
/* End PBXBuildFile section */

/* Begin PBXFileReference section */
		1AC386782AAABED00064F52A /* PreferencesCheckListCell.swift */ = {isa = PBXFileReference; fileEncoding = 4; lastKnownFileType = sourcecode.swift; path = PreferencesCheckListCell.swift; sourceTree = "<group>"; };
		1AC3867B2AAABED00064F52A /* XDismissButton.swift */ = {isa = PBXFileReference; fileEncoding = 4; lastKnownFileType = sourcecode.swift; path = XDismissButton.swift; sourceTree = "<group>"; };
		1AC3867C2AAABED00064F52A /* Assets.xcassets */ = {isa = PBXFileReference; lastKnownFileType = folder.assetcatalog; path = Assets.xcassets; sourceTree = "<group>"; };
		1AC386822AAABED00064F52A /* RoundButtonStyle.swift */ = {isa = PBXFileReference; fileEncoding = 4; lastKnownFileType = sourcecode.swift; path = RoundButtonStyle.swift; sourceTree = "<group>"; };
		1AC386832AAABED00064F52A /* Extensions.swift */ = {isa = PBXFileReference; fileEncoding = 4; lastKnownFileType = sourcecode.swift; path = Extensions.swift; sourceTree = "<group>"; };
		1AC386842AAABED00064F52A /* StandardButtonStyle.swift */ = {isa = PBXFileReference; fileEncoding = 4; lastKnownFileType = sourcecode.swift; path = StandardButtonStyle.swift; sourceTree = "<group>"; };
		1AC386892AAABED00064F52A /* RamosGinFizz.swift */ = {isa = PBXFileReference; fileEncoding = 4; lastKnownFileType = sourcecode.swift; path = RamosGinFizz.swift; sourceTree = "<group>"; };
		1AC3868E2AAABED00064F52A /* Glassware.swift */ = {isa = PBXFileReference; fileEncoding = 4; lastKnownFileType = sourcecode.swift; path = Glassware.swift; sourceTree = "<group>"; };
		1AC3868F2AAABED00064F52A /* Ingredient.swift */ = {isa = PBXFileReference; fileEncoding = 4; lastKnownFileType = sourcecode.swift; path = Ingredient.swift; sourceTree = "<group>"; };
		1AC386902AAABED00064F52A /* Build.swift */ = {isa = PBXFileReference; fileEncoding = 4; lastKnownFileType = sourcecode.swift; path = Build.swift; sourceTree = "<group>"; };
		1AC386912AAABED00064F52A /* GarnishList.swift */ = {isa = PBXFileReference; fileEncoding = 4; lastKnownFileType = sourcecode.swift; path = GarnishList.swift; sourceTree = "<group>"; };
		1AC386922AAABED00064F52A /* Prep.swift */ = {isa = PBXFileReference; fileEncoding = 4; lastKnownFileType = sourcecode.swift; path = Prep.swift; sourceTree = "<group>"; };
		1AC386982AAABED00064F52A /* TabBarView.swift */ = {isa = PBXFileReference; fileEncoding = 4; lastKnownFileType = sourcecode.swift; path = TabBarView.swift; sourceTree = "<group>"; };
		1AC3869A2AAABED00064F52A /* BuildOrderView.swift */ = {isa = PBXFileReference; fileEncoding = 4; lastKnownFileType = sourcecode.swift; path = BuildOrderView.swift; sourceTree = "<group>"; };
		1AC3869D2AAABED00064F52A /* RecipeView.swift */ = {isa = PBXFileReference; fileEncoding = 4; lastKnownFileType = sourcecode.swift; path = RecipeView.swift; sourceTree = "<group>"; };
		1AC3869F2AAABED00064F52A /* PrepRecipeView.swift */ = {isa = PBXFileReference; fileEncoding = 4; lastKnownFileType = sourcecode.swift; path = PrepRecipeView.swift; sourceTree = "<group>"; };
		1AC386A12AAABED00064F52A /* PrepBible.swift */ = {isa = PBXFileReference; fileEncoding = 4; lastKnownFileType = sourcecode.swift; path = PrepBible.swift; sourceTree = "<group>"; };
		1AC386A32AAABED00064F52A /* CocktailListView.swift */ = {isa = PBXFileReference; fileEncoding = 4; lastKnownFileType = sourcecode.swift; path = CocktailListView.swift; sourceTree = "<group>"; };
		1AC386A42AAABED00064F52A /* CocktailListViewModel.swift */ = {isa = PBXFileReference; fileEncoding = 4; lastKnownFileType = sourcecode.swift; path = CocktailListViewModel.swift; sourceTree = "<group>"; };
		1AC386A92AAABED00064F52A /* SearchCriteriaView.swift */ = {isa = PBXFileReference; fileEncoding = 4; lastKnownFileType = sourcecode.swift; path = SearchCriteriaView.swift; sourceTree = "<group>"; };
		1AC386AA2AAABED00064F52A /* SearchBarView.swift */ = {isa = PBXFileReference; fileEncoding = 4; lastKnownFileType = sourcecode.swift; path = SearchBarView.swift; sourceTree = "<group>"; };
		1AD87A262AE8B65800859028 /* CloverClub.swift */ = {isa = PBXFileReference; lastKnownFileType = sourcecode.swift; path = CloverClub.swift; sourceTree = "<group>"; };
		4D088FC92B62E3640047B056 /* RecipeViewModel.swift */ = {isa = PBXFileReference; lastKnownFileType = sourcecode.swift; path = RecipeViewModel.swift; sourceTree = "<group>"; };
		4D1E85C62B5C97DB00214BC6 /* AuthorNames.swift */ = {isa = PBXFileReference; lastKnownFileType = sourcecode.swift; path = AuthorNames.swift; sourceTree = "<group>"; };
		4D1F146B2B50B24F00FC3B85 /* BasicSearchView.swift */ = {isa = PBXFileReference; lastKnownFileType = sourcecode.swift; path = BasicSearchView.swift; sourceTree = "<group>"; };
		4D1F14712B50B64500FC3B85 /* BasicComponentSearchListView.swift */ = {isa = PBXFileReference; lastKnownFileType = sourcecode.swift; path = BasicComponentSearchListView.swift; sourceTree = "<group>"; };
		4D1F15472B564DB600FC3B85 /* ResultsConfigurationMenu.swift */ = {isa = PBXFileReference; lastKnownFileType = sourcecode.swift; path = ResultsConfigurationMenu.swift; sourceTree = "<group>"; };
		4D49243C2B7B5E2700BBE86C /* BatchButton .swift */ = {isa = PBXFileReference; lastKnownFileType = sourcecode.swift; path = "BatchButton .swift"; sourceTree = "<group>"; };
		4D54F7312B795AA100D046D9 /* SplitBatchView.swift */ = {isa = PBXFileReference; lastKnownFileType = sourcecode.swift; path = SplitBatchView.swift; sourceTree = "<group>"; };
		4D54F7332B795E2700D046D9 /* SplitBatchCell.swift */ = {isa = PBXFileReference; lastKnownFileType = sourcecode.swift; path = SplitBatchCell.swift; sourceTree = "<group>"; };
		4D54F7352B79F1E500D046D9 /* ContainerMenuView.swift */ = {isa = PBXFileReference; lastKnownFileType = sourcecode.swift; path = ContainerMenuView.swift; sourceTree = "<group>"; };
		4D54F7382B7AFC1200D046D9 /* CBCLoadedCocktailView.swift */ = {isa = PBXFileReference; lastKnownFileType = sourcecode.swift; path = CBCLoadedCocktailView.swift; sourceTree = "<group>"; };
		4D54F73D2B7B053800D046D9 /* LoadedCocktailIngredientCell.swift */ = {isa = PBXFileReference; lastKnownFileType = sourcecode.swift; path = LoadedCocktailIngredientCell.swift; sourceTree = "<group>"; };
		4D5DA08D2B9E8E6A00C14F1F /* AddBuildStepDetailView.swift */ = {isa = PBXFileReference; lastKnownFileType = sourcecode.swift; path = AddBuildStepDetailView.swift; sourceTree = "<group>"; };
		4D5DA0932B9E9C4900C14F1F /* CocktailProfileView.swift */ = {isa = PBXFileReference; lastKnownFileType = sourcecode.swift; path = CocktailProfileView.swift; sourceTree = "<group>"; };
		4D5DA0952B9EB43600C14F1F /* AddedIngredientView.swift */ = {isa = PBXFileReference; lastKnownFileType = sourcecode.swift; path = AddedIngredientView.swift; sourceTree = "<group>"; };
		4D5DA0972B9EB46E00C14F1F /* AddBuildStepView.swift */ = {isa = PBXFileReference; lastKnownFileType = sourcecode.swift; path = AddBuildStepView.swift; sourceTree = "<group>"; };
		4D5DA0992B9EBEB900C14F1F /* CustomAlertView.swift */ = {isa = PBXFileReference; lastKnownFileType = sourcecode.swift; path = CustomAlertView.swift; sourceTree = "<group>"; };
		4D67612D2C3EE46A00A5939C /* GarnishDetailView.swift */ = {isa = PBXFileReference; lastKnownFileType = sourcecode.swift; path = GarnishDetailView.swift; sourceTree = "<group>"; };
		4D67612F2C3F317D00A5939C /* AddCustomGarnishView.swift */ = {isa = PBXFileReference; lastKnownFileType = sourcecode.swift; path = AddCustomGarnishView.swift; sourceTree = "<group>"; };
		4D7439882B9D277F0020C3B8 /* BackButton.swift */ = {isa = PBXFileReference; lastKnownFileType = sourcecode.swift; path = BackButton.swift; sourceTree = "<group>"; };
		4D74398A2B9E581A0020C3B8 /* LoadSampleCocktailsButton.swift */ = {isa = PBXFileReference; lastKnownFileType = sourcecode.swift; path = LoadSampleCocktailsButton.swift; sourceTree = "<group>"; };
		4D74398D2B9E58820020C3B8 /* CocktailCollectionPicker.swift */ = {isa = PBXFileReference; lastKnownFileType = sourcecode.swift; path = CocktailCollectionPicker.swift; sourceTree = "<group>"; };
		4D74398F2B9E59EA0020C3B8 /* SpecifiedListView.swift */ = {isa = PBXFileReference; lastKnownFileType = sourcecode.swift; path = SpecifiedListView.swift; sourceTree = "<group>"; };
		4D7439912B9E5A2A0020C3B8 /* AllCocktailsListView.swift */ = {isa = PBXFileReference; lastKnownFileType = sourcecode.swift; path = AllCocktailsListView.swift; sourceTree = "<group>"; };
		4D7B01742B72BF0A0026FE34 /* MainBatchView.swift */ = {isa = PBXFileReference; lastKnownFileType = sourcecode.swift; path = MainBatchView.swift; sourceTree = "<group>"; };
		4D7B01762B72C2260026FE34 /* BottleBatchCell.swift */ = {isa = PBXFileReference; lastKnownFileType = sourcecode.swift; path = BottleBatchCell.swift; sourceTree = "<group>"; };
		4DA5676D2B6C7785003F6F04 /* Zombie.swift */ = {isa = PBXFileReference; lastKnownFileType = sourcecode.swift; path = Zombie.swift; sourceTree = "<group>"; };
		4DA567AE2B6CF101003F6F04 /* EightySixCheckListCell.swift */ = {isa = PBXFileReference; lastKnownFileType = sourcecode.swift; path = EightySixCheckListCell.swift; sourceTree = "<group>"; };
		4DA568632B70AA41003F6F04 /* SearchButtonView.swift */ = {isa = PBXFileReference; lastKnownFileType = sourcecode.swift; path = SearchButtonView.swift; sourceTree = "<group>"; };
		4DA568652B70AF07003F6F04 /* CBCViewModel.swift */ = {isa = PBXFileReference; lastKnownFileType = sourcecode.swift; path = CBCViewModel.swift; sourceTree = "<group>"; };
		4DA568692B70BC4F003F6F04 /* BlackNWhiteButton.swift */ = {isa = PBXFileReference; lastKnownFileType = sourcecode.swift; path = BlackNWhiteButton.swift; sourceTree = "<group>"; };
		4DB1C0B82B46D4E600943C69 /* CocktailComponent.swift */ = {isa = PBXFileReference; lastKnownFileType = sourcecode.swift; path = CocktailComponent.swift; sourceTree = "<group>"; };
		4DB1C0BB2B46D63300943C69 /* CocktailResultListView.swift */ = {isa = PBXFileReference; lastKnownFileType = sourcecode.swift; path = CocktailResultListView.swift; sourceTree = "<group>"; };
		4DB1C0BD2B46D74B00943C69 /* ResultViewSectionData.swift */ = {isa = PBXFileReference; lastKnownFileType = sourcecode.swift; path = ResultViewSectionData.swift; sourceTree = "<group>"; };
		4DBFF8542B60A9AC0011B5B1 /* Brunelle.swift */ = {isa = PBXFileReference; lastKnownFileType = sourcecode.swift; path = Brunelle.swift; sourceTree = "<group>"; };
		4DCAA7A42C35E77200FBC4FE /* IngredeientRecipeView.swift */ = {isa = PBXFileReference; lastKnownFileType = sourcecode.swift; path = IngredeientRecipeView.swift; sourceTree = "<group>"; };
		4DCAA7A62C35E83F00FBC4FE /* AddRecipeStepDetailView.swift */ = {isa = PBXFileReference; lastKnownFileType = sourcecode.swift; path = AddRecipeStepDetailView.swift; sourceTree = "<group>"; };
		4DCAA7A82C373D1700FBC4FE /* AddExistingIngredientDetailView.swift */ = {isa = PBXFileReference; lastKnownFileType = sourcecode.swift; path = AddExistingIngredientDetailView.swift; sourceTree = "<group>"; };
		4DD0DE982B97E020008EF203 /* TabBarComponents.swift */ = {isa = PBXFileReference; lastKnownFileType = sourcecode.swift; path = TabBarComponents.swift; sourceTree = "<group>"; };
		4DD0DE9D2B97F5E1008EF203 /* TestCocktails.swift */ = {isa = PBXFileReference; lastKnownFileType = sourcecode.swift; path = TestCocktails.swift; sourceTree = "<group>"; };
		4DDC116B2B857EF0009EF5C4 /* SwipeRecipeView.swift */ = {isa = PBXFileReference; lastKnownFileType = sourcecode.swift; path = SwipeRecipeView.swift; sourceTree = "<group>"; };
		4DDC116D2B861576009EF5C4 /* InlineDisclosureGroupStyle.swift */ = {isa = PBXFileReference; lastKnownFileType = sourcecode.swift; path = InlineDisclosureGroupStyle.swift; sourceTree = "<group>"; };
		4DE33DF62B8D933700312EC3 /* AddCustomIngredientView.swift */ = {isa = PBXFileReference; lastKnownFileType = sourcecode.swift; path = AddCustomIngredientView.swift; sourceTree = "<group>"; };
		4DE33DF82B8D96B500312EC3 /* AddCocktailViewModel.swift */ = {isa = PBXFileReference; lastKnownFileType = sourcecode.swift; path = AddCocktailViewModel.swift; sourceTree = "<group>"; };
		4DED94452BE70A34002305C2 /* NumberOfCocktailsModal.swift */ = {isa = PBXFileReference; lastKnownFileType = sourcecode.swift; path = NumberOfCocktailsModal.swift; sourceTree = "<group>"; };
		4DED94472BE73889002305C2 /* FloatingPromptView.swift */ = {isa = PBXFileReference; lastKnownFileType = sourcecode.swift; path = FloatingPromptView.swift; sourceTree = "<group>"; };
		4DED944D2C098DBF002305C2 /* SimpleBatchCell.swift */ = {isa = PBXFileReference; lastKnownFileType = sourcecode.swift; path = SimpleBatchCell.swift; sourceTree = "<group>"; };
		4DED944F2C0E38BC002305C2 /* EditBatchModalView.swift */ = {isa = PBXFileReference; lastKnownFileType = sourcecode.swift; path = EditBatchModalView.swift; sourceTree = "<group>"; };
		F40FB6B02B7E38DA0047D597 /* CocktailCollection.swift */ = {isa = PBXFileReference; lastKnownFileType = sourcecode.swift; path = CocktailCollection.swift; sourceTree = "<group>"; };
		F41045062AD4FD42000CA913 /* CocktailImageView.swift */ = {isa = PBXFileReference; lastKnownFileType = sourcecode.swift; path = CocktailImageView.swift; sourceTree = "<group>"; };
		F44A28F62AC26A6A0083C04D /* TagLayout.swift */ = {isa = PBXFileReference; lastKnownFileType = sourcecode.swift; path = TagLayout.swift; sourceTree = "<group>"; };
		F473FFD22C2716C4008689D3 /* Info.plist */ = {isa = PBXFileReference; lastKnownFileType = text.plist.xml; path = Info.plist; sourceTree = "<group>"; };
		F4872FE12C4307C70092F8FF /* default.store */ = {isa = PBXFileReference; lastKnownFileType = file; path = default.store; sourceTree = "<group>"; };
		F4872FE22C4307C70092F8FF /* default.store-shm */ = {isa = PBXFileReference; lastKnownFileType = file; path = "default.store-shm"; sourceTree = "<group>"; };
		F4872FE32C4307C70092F8FF /* default.store-wal */ = {isa = PBXFileReference; lastKnownFileType = file; path = "default.store-wal"; sourceTree = "<group>"; };
		F4A628E12B7E31BF0084FD80 /* Variation.swift */ = {isa = PBXFileReference; lastKnownFileType = sourcecode.swift; path = Variation.swift; sourceTree = "<group>"; };
		F4AA50472B93A54E00A05F54 /* AddCocktailView.swift */ = {isa = PBXFileReference; lastKnownFileType = sourcecode.swift; path = AddCocktailView.swift; sourceTree = "<group>"; };
		F4AA6ADB2B84F10D003DBB80 /* Preload.swift */ = {isa = PBXFileReference; lastKnownFileType = sourcecode.swift; path = Preload.swift; sourceTree = "<group>"; };
		F4B0ABF22B13FB2A00336D05 /* SearchResultsView.swift */ = {isa = PBXFileReference; lastKnownFileType = sourcecode.swift; path = SearchResultsView.swift; sourceTree = "<group>"; };
		F4C5C3E02B3B3F2E005B2261 /* IngredientType.swift */ = {isa = PBXFileReference; lastKnownFileType = sourcecode.swift; path = IngredientType.swift; sourceTree = "<group>"; };
		F4C5C3E32B3B4086005B2261 /* NonAlchololicIngredients.swift */ = {isa = PBXFileReference; lastKnownFileType = sourcecode.swift; path = NonAlchololicIngredients.swift; sourceTree = "<group>"; };
		F4C5C3E52B3B41BA005B2261 /* Alcohol.swift */ = {isa = PBXFileReference; lastKnownFileType = sourcecode.swift; path = Alcohol.swift; sourceTree = "<group>"; };
		F4C6A8E32AAFF6AC00BB0AD0 /* Flavors.swift */ = {isa = PBXFileReference; lastKnownFileType = sourcecode.swift; path = Flavors.swift; sourceTree = "<group>"; };
		F4C6A8E72AAFFC6B00BB0AD0 /* Styles.swift */ = {isa = PBXFileReference; lastKnownFileType = sourcecode.swift; path = Styles.swift; sourceTree = "<group>"; };
		F4C6A8EB2AAFFE5700BB0AD0 /* Tags.swift */ = {isa = PBXFileReference; lastKnownFileType = sourcecode.swift; path = Tags.swift; sourceTree = "<group>"; };
		F4C6A8F22AB003C200BB0AD0 /* Localization.swift */ = {isa = PBXFileReference; lastKnownFileType = sourcecode.swift; path = Localization.swift; sourceTree = "<group>"; };
		F4C6A8F42AB0042400BB0AD0 /* Cocktail.swift */ = {isa = PBXFileReference; lastKnownFileType = sourcecode.swift; path = Cocktail.swift; sourceTree = "<group>"; };
		F4C6A8F62AB0145800BB0AD0 /* Profiles.swift */ = {isa = PBXFileReference; lastKnownFileType = sourcecode.swift; path = Profiles.swift; sourceTree = "<group>"; };
		F4C74C822AD8CC9600EA3334 /* Ice.swift */ = {isa = PBXFileReference; lastKnownFileType = sourcecode.swift; path = Ice.swift; sourceTree = "<group>"; };
		F4DBE4C42AB8831C009A0C09 /* AnimatedSearchView.swift */ = {isa = PBXFileReference; lastKnownFileType = sourcecode.swift; path = AnimatedSearchView.swift; sourceTree = "<group>"; };
		F4E7F1722BE2E726006B6050 /* RecipeFlipCardView.swift */ = {isa = PBXFileReference; lastKnownFileType = sourcecode.swift; path = RecipeFlipCardView.swift; sourceTree = "<group>"; };
		F4F7429D2AD6419100161A93 /* AdvancedCriteriaListView.swift */ = {isa = PBXFileReference; lastKnownFileType = sourcecode.swift; path = AdvancedCriteriaListView.swift; sourceTree = "<group>"; };
		F4F7429F2AD643A500161A93 /* SearchCriteriaViewModel.swift */ = {isa = PBXFileReference; lastKnownFileType = sourcecode.swift; path = SearchCriteriaViewModel.swift; sourceTree = "<group>"; };
		F4FBF11F2AAABBB900BBF7CF /* MetaCocktailsSwiftData.app */ = {isa = PBXFileReference; explicitFileType = wrapper.application; includeInIndex = 0; path = MetaCocktailsSwiftData.app; sourceTree = BUILT_PRODUCTS_DIR; };
		F4FBF1222AAABBB900BBF7CF /* MetaCocktailsSwiftDataApp.swift */ = {isa = PBXFileReference; lastKnownFileType = sourcecode.swift; path = MetaCocktailsSwiftDataApp.swift; sourceTree = "<group>"; };
		F4FBF12B2AAABBBB00BBF7CF /* Preview Assets.xcassets */ = {isa = PBXFileReference; lastKnownFileType = folder.assetcatalog; path = "Preview Assets.xcassets"; sourceTree = "<group>"; };
/* End PBXFileReference section */

/* Begin PBXFrameworksBuildPhase section */
		F4FBF11C2AAABBB900BBF7CF /* Frameworks */ = {
			isa = PBXFrameworksBuildPhase;
			buildActionMask = 2147483647;
			files = (
			);
			runOnlyForDeploymentPostprocessing = 0;
		};
/* End PBXFrameworksBuildPhase section */

/* Begin PBXGroup section */
		1AC386762AAABED00064F52A /* Cells */ = {
			isa = PBXGroup;
			children = (
				1AC386782AAABED00064F52A /* PreferencesCheckListCell.swift */,
				4DA567AE2B6CF101003F6F04 /* EightySixCheckListCell.swift */,
				4D7B01762B72C2260026FE34 /* BottleBatchCell.swift */,
				4DED944D2C098DBF002305C2 /* SimpleBatchCell.swift */,
				4D54F73D2B7B053800D046D9 /* LoadedCocktailIngredientCell.swift */,
				4D54F7332B795E2700D046D9 /* SplitBatchCell.swift */,
			);
			path = Cells;
			sourceTree = "<group>";
		};
		1AC3867A2AAABED00064F52A /* Buttons */ = {
			isa = PBXGroup;
			children = (
				4DA568632B70AA41003F6F04 /* SearchButtonView.swift */,
				1AC386842AAABED00064F52A /* StandardButtonStyle.swift */,
				1AC386822AAABED00064F52A /* RoundButtonStyle.swift */,
				1AC3867B2AAABED00064F52A /* XDismissButton.swift */,
				4DA568692B70BC4F003F6F04 /* BlackNWhiteButton.swift */,
				4D7439882B9D277F0020C3B8 /* BackButton.swift */,
				4D49243C2B7B5E2700BBE86C /* BatchButton .swift */,
			);
			path = Buttons;
			sourceTree = "<group>";
		};
		1AC3867F2AAABED00064F52A /* Extensions */ = {
			isa = PBXGroup;
			children = (
				1AC386832AAABED00064F52A /* Extensions.swift */,
			);
			path = Extensions;
			sourceTree = "<group>";
		};
		1AC386812AAABED00064F52A /* Utilities */ = {
			isa = PBXGroup;
			children = (
				1AC3867F2AAABED00064F52A /* Extensions */,
			);
			path = Utilities;
			sourceTree = "<group>";
		};
		1AC386852AAABED00064F52A /* EntryPoint */ = {
			isa = PBXGroup;
			children = (
				F4FBF1222AAABBB900BBF7CF /* MetaCocktailsSwiftDataApp.swift */,
				F4AA6ADB2B84F10D003DBB80 /* Preload.swift */,
			);
			path = EntryPoint;
			sourceTree = "<group>";
		};
		1AC386872AAABED00064F52A /* Model */ = {
			isa = PBXGroup;
			children = (
				F4C6A8F42AB0042400BB0AD0 /* Cocktail.swift */,
				F4872FE82C43126C0092F8FF /* DummyCocktails */,
				1AC3868D2AAABED00064F52A /* Components */,
				F4C6A8E12AAFF66B00BB0AD0 /* SearchTags */,
				F4C6A8F12AB003B000BB0AD0 /* Environment */,
			);
			path = Model;
			sourceTree = "<group>";
		};
		1AC3868D2AAABED00064F52A /* Components */ = {
			isa = PBXGroup;
			children = (
				F4C5C3E22B3B4061005B2261 /* Ingredients */,
				1AC3868F2AAABED00064F52A /* Ingredient.swift */,
				F40FB6B02B7E38DA0047D597 /* CocktailCollection.swift */,
				4DB1C0B82B46D4E600943C69 /* CocktailComponent.swift */,
				F4A628E12B7E31BF0084FD80 /* Variation.swift */,
				1AC386912AAABED00064F52A /* GarnishList.swift */,
				1AC3868E2AAABED00064F52A /* Glassware.swift */,
				1AC386902AAABED00064F52A /* Build.swift */,
				F4C74C822AD8CC9600EA3334 /* Ice.swift */,
			);
			path = Components;
			sourceTree = "<group>";
		};
		1AC386962AAABED00064F52A /* Views */ = {
			isa = PBXGroup;
			children = (
				4D5DA09C2B9ED43300C14F1F /* CustomAlertView */,
				4DE33DF52B8D931500312EC3 /* CreateACocktailView */,
				4DA567B02B6D9524003F6F04 /* CocktailBatchingCalculator */,
				F4DBE4C32AB882FF009A0C09 /* AnimatedViews */,
				F4C6A8EF2AB0000800BB0AD0 /* Subviews */,
				1AC386972AAABED00064F52A /* Tab Bar View */,
				1AC3869B2AAABED00064F52A /* Recipe View */,
				1AC3869E2AAABED00064F52A /* Prep Bible */,
				1AC386A22AAABED00064F52A /* Cocktail List View */,
				4DB1C0BA2B46D5FC00943C69 /* Cocktail Result List View */,
				1AC386A52AAABED00064F52A /* Search View */,
			);
			path = Views;
			sourceTree = "<group>";
		};
		1AC386972AAABED00064F52A /* Tab Bar View */ = {
			isa = PBXGroup;
			children = (
				1AC386982AAABED00064F52A /* TabBarView.swift */,
				4DD0DE982B97E020008EF203 /* TabBarComponents.swift */,
			);
			path = "Tab Bar View";
			sourceTree = "<group>";
		};
		1AC386992AAABED00064F52A /* SubViews */ = {
			isa = PBXGroup;
			children = (
				1AC3869A2AAABED00064F52A /* BuildOrderView.swift */,
				4D5DA0932B9E9C4900C14F1F /* CocktailProfileView.swift */,
			);
			path = SubViews;
			sourceTree = "<group>";
		};
		1AC3869B2AAABED00064F52A /* Recipe View */ = {
			isa = PBXGroup;
			children = (
				4D088FC92B62E3640047B056 /* RecipeViewModel.swift */,
				1AC3869D2AAABED00064F52A /* RecipeView.swift */,
				4DDC116B2B857EF0009EF5C4 /* SwipeRecipeView.swift */,
				F4E7F1722BE2E726006B6050 /* RecipeFlipCardView.swift */,
				1AC386992AAABED00064F52A /* SubViews */,
			);
			path = "Recipe View";
			sourceTree = "<group>";
		};
		1AC3869E2AAABED00064F52A /* Prep Bible */ = {
			isa = PBXGroup;
			children = (
				4DB1C08F2B2E484A00943C69 /* Prep Descriptions */,
				1AC3869F2AAABED00064F52A /* PrepRecipeView.swift */,
				1AC386A12AAABED00064F52A /* PrepBible.swift */,
			);
			path = "Prep Bible";
			sourceTree = "<group>";
		};
		1AC386A22AAABED00064F52A /* Cocktail List View */ = {
			isa = PBXGroup;
			children = (
				1AC386A42AAABED00064F52A /* CocktailListViewModel.swift */,
				1AC386A32AAABED00064F52A /* CocktailListView.swift */,
				4D74398C2B9E586D0020C3B8 /* SubViews */,
			);
			path = "Cocktail List View";
			sourceTree = "<group>";
		};
		1AC386A52AAABED00064F52A /* Search View */ = {
			isa = PBXGroup;
			children = (
				1AC386A62AAABED00064F52A /* Sub List Views */,
				F4F7429F2AD643A500161A93 /* SearchCriteriaViewModel.swift */,
				1AC386A92AAABED00064F52A /* SearchCriteriaView.swift */,
				4D1F146B2B50B24F00FC3B85 /* BasicSearchView.swift */,
				1AC386AA2AAABED00064F52A /* SearchBarView.swift */,
				F4B0ABF22B13FB2A00336D05 /* SearchResultsView.swift */,
			);
			path = "Search View";
			sourceTree = "<group>";
		};
		1AC386A62AAABED00064F52A /* Sub List Views */ = {
			isa = PBXGroup;
			children = (
				F4F7429D2AD6419100161A93 /* AdvancedCriteriaListView.swift */,
				4D1F14712B50B64500FC3B85 /* BasicComponentSearchListView.swift */,
			);
			path = "Sub List Views";
			sourceTree = "<group>";
		};
		4D54F7372B79FD5B00D046D9 /* Sub Views */ = {
			isa = PBXGroup;
			children = (
				4D54F7352B79F1E500D046D9 /* ContainerMenuView.swift */,
			);
			path = "Sub Views";
			sourceTree = "<group>";
		};
		4D5DA08C2B9E8E4A00C14F1F /* SubViews */ = {
			isa = PBXGroup;
			children = (
				4D6761332C41C51B00A5939C /* Garnish */,
				4D6761322C41C4F700A5939C /* CocktailBuildSteps */,
				4D6761312C41C4B000A5939C /* AddIngredient */,
			);
			path = SubViews;
			sourceTree = "<group>";
		};
		4D5DA09C2B9ED43300C14F1F /* CustomAlertView */ = {
			isa = PBXGroup;
			children = (
				4D5DA0992B9EBEB900C14F1F /* CustomAlertView.swift */,
			);
			path = CustomAlertView;
			sourceTree = "<group>";
		};
		4D6761312C41C4B000A5939C /* AddIngredient */ = {
			isa = PBXGroup;
			children = (
				4D5DA0952B9EB43600C14F1F /* AddedIngredientView.swift */,
				4D6761342C41C54300A5939C /* ExistingIngredient */,
				4D6761352C41C59D00A5939C /* CustomIngredient */,
			);
			path = AddIngredient;
			sourceTree = "<group>";
		};
		4D6761322C41C4F700A5939C /* CocktailBuildSteps */ = {
			isa = PBXGroup;
			children = (
				4D5DA0972B9EB46E00C14F1F /* AddBuildStepView.swift */,
				4D5DA08D2B9E8E6A00C14F1F /* AddBuildStepDetailView.swift */,
			);
			path = CocktailBuildSteps;
			sourceTree = "<group>";
		};
		4D6761332C41C51B00A5939C /* Garnish */ = {
			isa = PBXGroup;
			children = (
				4D67612D2C3EE46A00A5939C /* GarnishDetailView.swift */,
				4D67612F2C3F317D00A5939C /* AddCustomGarnishView.swift */,
			);
			path = Garnish;
			sourceTree = "<group>";
		};
		4D6761342C41C54300A5939C /* ExistingIngredient */ = {
			isa = PBXGroup;
			children = (
				4DCAA7A82C373D1700FBC4FE /* AddExistingIngredientDetailView.swift */,
			);
			path = ExistingIngredient;
			sourceTree = "<group>";
		};
		4D6761352C41C59D00A5939C /* CustomIngredient */ = {
			isa = PBXGroup;
			children = (
				4DCAA7A62C35E83F00FBC4FE /* AddRecipeStepDetailView.swift */,
				4DE33DF62B8D933700312EC3 /* AddCustomIngredientView.swift */,
				4DCAA7A42C35E77200FBC4FE /* IngredeientRecipeView.swift */,
			);
			path = CustomIngredient;
			sourceTree = "<group>";
		};
		4D74398C2B9E586D0020C3B8 /* SubViews */ = {
			isa = PBXGroup;
			children = (
				4D74398D2B9E58820020C3B8 /* CocktailCollectionPicker.swift */,
				4DDC116D2B861576009EF5C4 /* InlineDisclosureGroupStyle.swift */,
				4DD0DE9D2B97F5E1008EF203 /* TestCocktails.swift */,
				4D74398A2B9E581A0020C3B8 /* LoadSampleCocktailsButton.swift */,
				4D74398F2B9E59EA0020C3B8 /* SpecifiedListView.swift */,
				4D7439912B9E5A2A0020C3B8 /* AllCocktailsListView.swift */,
			);
			path = SubViews;
			sourceTree = "<group>";
		};
		4DA567B02B6D9524003F6F04 /* CocktailBatchingCalculator */ = {
			isa = PBXGroup;
			children = (
				4DA568652B70AF07003F6F04 /* CBCViewModel.swift */,
				4D7B01742B72BF0A0026FE34 /* MainBatchView.swift */,
				4DED94452BE70A34002305C2 /* NumberOfCocktailsModal.swift */,
				4D54F7382B7AFC1200D046D9 /* CBCLoadedCocktailView.swift */,
				4D54F7312B795AA100D046D9 /* SplitBatchView.swift */,
				4D54F7372B79FD5B00D046D9 /* Sub Views */,
				4DED94472BE73889002305C2 /* FloatingPromptView.swift */,
				4DED944F2C0E38BC002305C2 /* EditBatchModalView.swift */,
			);
			path = CocktailBatchingCalculator;
			sourceTree = "<group>";
		};
		4DB1C08F2B2E484A00943C69 /* Prep Descriptions */ = {
			isa = PBXGroup;
			children = (
				1AC386922AAABED00064F52A /* Prep.swift */,
			);
			path = "Prep Descriptions";
			sourceTree = "<group>";
		};
		4DB1C0BA2B46D5FC00943C69 /* Cocktail Result List View */ = {
			isa = PBXGroup;
			children = (
				4DB1C0BB2B46D63300943C69 /* CocktailResultListView.swift */,
				4D1F15472B564DB600FC3B85 /* ResultsConfigurationMenu.swift */,
				4DB1C0BD2B46D74B00943C69 /* ResultViewSectionData.swift */,
			);
			path = "Cocktail Result List View";
			sourceTree = "<group>";
		};
		4DE33DF52B8D931500312EC3 /* CreateACocktailView */ = {
			isa = PBXGroup;
			children = (
				4DE33DF82B8D96B500312EC3 /* AddCocktailViewModel.swift */,
				F4AA50472B93A54E00A05F54 /* AddCocktailView.swift */,
				4D5DA08C2B9E8E4A00C14F1F /* SubViews */,
			);
			path = CreateACocktailView;
			sourceTree = "<group>";
		};
		F44A28F52AC26A590083C04D /* Layouts */ = {
			isa = PBXGroup;
			children = (
				F44A28F62AC26A6A0083C04D /* TagLayout.swift */,
			);
			path = Layouts;
			sourceTree = "<group>";
		};
		F46A73162AD71A770065AE0E /* CocktailImages */ = {
			isa = PBXGroup;
			children = (
				F41045062AD4FD42000CA913 /* CocktailImageView.swift */,
			);
			path = CocktailImages;
			sourceTree = "<group>";
		};
		F4872FE82C43126C0092F8FF /* DummyCocktails */ = {
			isa = PBXGroup;
			children = (
				4DBFF8542B60A9AC0011B5B1 /* Brunelle.swift */,
				1AC386892AAABED00064F52A /* RamosGinFizz.swift */,
				1AD87A262AE8B65800859028 /* CloverClub.swift */,
				4DA5676D2B6C7785003F6F04 /* Zombie.swift */,
			);
			path = DummyCocktails;
			sourceTree = "<group>";
		};
		F4C5C3E22B3B4061005B2261 /* Ingredients */ = {
			isa = PBXGroup;
			children = (
				F4C5C3E02B3B3F2E005B2261 /* IngredientType.swift */,
				F4C5C3E32B3B4086005B2261 /* NonAlchololicIngredients.swift */,
				F4C5C3E52B3B41BA005B2261 /* Alcohol.swift */,
			);
			path = Ingredients;
			sourceTree = "<group>";
		};
		F4C6A8E12AAFF66B00BB0AD0 /* SearchTags */ = {
			isa = PBXGroup;
			children = (
				F4C6A8EB2AAFFE5700BB0AD0 /* Tags.swift */,
				F4C6A8E32AAFF6AC00BB0AD0 /* Flavors.swift */,
				F4C6A8F62AB0145800BB0AD0 /* Profiles.swift */,
				F4C6A8E72AAFFC6B00BB0AD0 /* Styles.swift */,
				4D1E85C62B5C97DB00214BC6 /* AuthorNames.swift */,
			);
			path = SearchTags;
			sourceTree = "<group>";
		};
		F4C6A8EF2AB0000800BB0AD0 /* Subviews */ = {
			isa = PBXGroup;
			children = (
				F46A73162AD71A770065AE0E /* CocktailImages */,
				1AC3867A2AAABED00064F52A /* Buttons */,
				1AC386762AAABED00064F52A /* Cells */,
			);
			path = Subviews;
			sourceTree = "<group>";
		};
		F4C6A8F12AB003B000BB0AD0 /* Environment */ = {
			isa = PBXGroup;
			children = (
				F4C6A8F22AB003C200BB0AD0 /* Localization.swift */,
			);
			path = Environment;
			sourceTree = "<group>";
		};
		F4DBE4C32AB882FF009A0C09 /* AnimatedViews */ = {
			isa = PBXGroup;
			children = (
				F44A28F52AC26A590083C04D /* Layouts */,
				F4DBE4C42AB8831C009A0C09 /* AnimatedSearchView.swift */,
			);
			path = AnimatedViews;
			sourceTree = "<group>";
		};
		F4FBF1162AAABBB900BBF7CF = {
			isa = PBXGroup;
			children = (
				F4FBF1212AAABBB900BBF7CF /* MetaCocktailsSwiftData */,
				F4FBF1202AAABBB900BBF7CF /* Products */,
			);
			sourceTree = "<group>";
		};
		F4FBF1202AAABBB900BBF7CF /* Products */ = {
			isa = PBXGroup;
			children = (
				F4FBF11F2AAABBB900BBF7CF /* MetaCocktailsSwiftData.app */,
			);
			name = Products;
			sourceTree = "<group>";
		};
		F4FBF1212AAABBB900BBF7CF /* MetaCocktailsSwiftData */ = {
			isa = PBXGroup;
			children = (
				F4872FE12C4307C70092F8FF /* default.store */,
				F4872FE22C4307C70092F8FF /* default.store-shm */,
				F4872FE32C4307C70092F8FF /* default.store-wal */,
				F473FFD22C2716C4008689D3 /* Info.plist */,
				1AC3867C2AAABED00064F52A /* Assets.xcassets */,
				1AC386852AAABED00064F52A /* EntryPoint */,
				1AC386962AAABED00064F52A /* Views */,
				1AC386812AAABED00064F52A /* Utilities */,
				1AC386872AAABED00064F52A /* Model */,
				F4FBF12A2AAABBBB00BBF7CF /* Preview Content */,
			);
			path = MetaCocktailsSwiftData;
			sourceTree = "<group>";
		};
		F4FBF12A2AAABBBB00BBF7CF /* Preview Content */ = {
			isa = PBXGroup;
			children = (
				F4FBF12B2AAABBBB00BBF7CF /* Preview Assets.xcassets */,
			);
			path = "Preview Content";
			sourceTree = "<group>";
		};
/* End PBXGroup section */

/* Begin PBXNativeTarget section */
		F4FBF11E2AAABBB900BBF7CF /* MetaCocktailsSwiftData */ = {
			isa = PBXNativeTarget;
			buildConfigurationList = F4FBF12F2AAABBBB00BBF7CF /* Build configuration list for PBXNativeTarget "MetaCocktailsSwiftData" */;
			buildPhases = (
				F4FBF11B2AAABBB900BBF7CF /* Sources */,
				F4FBF11C2AAABBB900BBF7CF /* Frameworks */,
				F4FBF11D2AAABBB900BBF7CF /* Resources */,
			);
			buildRules = (
			);
			dependencies = (
			);
			name = MetaCocktailsSwiftData;
			productName = MetaCocktailsSwiftData;
			productReference = F4FBF11F2AAABBB900BBF7CF /* MetaCocktailsSwiftData.app */;
			productType = "com.apple.product-type.application";
		};
/* End PBXNativeTarget section */

/* Begin PBXProject section */
		F4FBF1172AAABBB900BBF7CF /* Project object */ = {
			isa = PBXProject;
			attributes = {
				BuildIndependentTargetsInParallel = 1;
				LastSwiftUpdateCheck = 1500;
				LastUpgradeCheck = 1500;
				TargetAttributes = {
					F4FBF11E2AAABBB900BBF7CF = {
						CreatedOnToolsVersion = 15.0;
					};
				};
			};
			buildConfigurationList = F4FBF11A2AAABBB900BBF7CF /* Build configuration list for PBXProject "MetaCocktailsSwiftData" */;
			compatibilityVersion = "Xcode 14.0";
			developmentRegion = en;
			hasScannedForEncodings = 0;
			knownRegions = (
				en,
				Base,
			);
			mainGroup = F4FBF1162AAABBB900BBF7CF;
			productRefGroup = F4FBF1202AAABBB900BBF7CF /* Products */;
			projectDirPath = "";
			projectRoot = "";
			targets = (
				F4FBF11E2AAABBB900BBF7CF /* MetaCocktailsSwiftData */,
			);
		};
/* End PBXProject section */

/* Begin PBXResourcesBuildPhase section */
		F4FBF11D2AAABBB900BBF7CF /* Resources */ = {
			isa = PBXResourcesBuildPhase;
			buildActionMask = 2147483647;
			files = (
				F4872FE42C4307C70092F8FF /* default.store in Resources */,
				F4872FE52C4307C70092F8FF /* default.store-wal in Resources */,
				F4872FE62C4307C70092F8FF /* default.store-shm in Resources */,
				F4FBF12C2AAABBBB00BBF7CF /* Preview Assets.xcassets in Resources */,
				1AC386B02AAABED10064F52A /* Assets.xcassets in Resources */,
			);
			runOnlyForDeploymentPostprocessing = 0;
		};
/* End PBXResourcesBuildPhase section */

/* Begin PBXSourcesBuildPhase section */
		F4FBF11B2AAABBB900BBF7CF /* Sources */ = {
			isa = PBXSourcesBuildPhase;
			buildActionMask = 2147483647;
			files = (
				F4C6A8E82AAFFC6B00BB0AD0 /* Styles.swift in Sources */,
				F4C6A8F52AB0042400BB0AD0 /* Cocktail.swift in Sources */,
				4D54F7362B79F1E500D046D9 /* ContainerMenuView.swift in Sources */,
				F41045072AD4FD42000CA913 /* CocktailImageView.swift in Sources */,
				4DD0DE992B97E020008EF203 /* TabBarComponents.swift in Sources */,
				4DCAA7A52C35E77200FBC4FE /* IngredeientRecipeView.swift in Sources */,
				4D5DA08E2B9E8E6A00C14F1F /* AddBuildStepDetailView.swift in Sources */,
				4D74398B2B9E581A0020C3B8 /* LoadSampleCocktailsButton.swift in Sources */,
				4DA5676E2B6C7785003F6F04 /* Zombie.swift in Sources */,
				1AC386B42AAABED10064F52A /* Extensions.swift in Sources */,
				F4A628E22B7E31BF0084FD80 /* Variation.swift in Sources */,
				4DED94502C0E38BC002305C2 /* EditBatchModalView.swift in Sources */,
				F4E7F1732BE2E726006B6050 /* RecipeFlipCardView.swift in Sources */,
				4DED94462BE70A34002305C2 /* NumberOfCocktailsModal.swift in Sources */,
				1AC386C92AAABED10064F52A /* CocktailListView.swift in Sources */,
				F4C6A8F32AB003C200BB0AD0 /* Localization.swift in Sources */,
				F4C6A8EC2AAFFE5700BB0AD0 /* Tags.swift in Sources */,
				4D088FCA2B62E3640047B056 /* RecipeViewModel.swift in Sources */,
				4DDC116E2B861576009EF5C4 /* InlineDisclosureGroupStyle.swift in Sources */,
				4D1F15482B564DB600FC3B85 /* ResultsConfigurationMenu.swift in Sources */,
				F4F7429E2AD6419100161A93 /* AdvancedCriteriaListView.swift in Sources */,
				F4C74C832AD8CC9600EA3334 /* Ice.swift in Sources */,
				4D54F7342B795E2700D046D9 /* SplitBatchCell.swift in Sources */,
				F4C5C3E12B3B3F2E005B2261 /* IngredientType.swift in Sources */,
				F4DBE4C52AB8831C009A0C09 /* AnimatedSearchView.swift in Sources */,
				1AC386CA2AAABED10064F52A /* CocktailListViewModel.swift in Sources */,
				4DDC116C2B857EF0009EF5C4 /* SwipeRecipeView.swift in Sources */,
				4DB1C0B92B46D4E600943C69 /* CocktailComponent.swift in Sources */,
				4DCAA7A72C35E83F00FBC4FE /* AddRecipeStepDetailView.swift in Sources */,
				1AC386BB2AAABED10064F52A /* Glassware.swift in Sources */,
				1AC386BE2AAABED10064F52A /* GarnishList.swift in Sources */,
				1AC386C52AAABED10064F52A /* RecipeView.swift in Sources */,
				4D49243D2B7B5E2700BBE86C /* BatchButton .swift in Sources */,
				4DB1C0BC2B46D63300943C69 /* CocktailResultListView.swift in Sources */,
				F4C6A8F72AB0145800BB0AD0 /* Profiles.swift in Sources */,
				4DBFF8552B60A9AC0011B5B1 /* Brunelle.swift in Sources */,
				1AC386CE2AAABED10064F52A /* SearchBarView.swift in Sources */,
				1AC386B72AAABED10064F52A /* RamosGinFizz.swift in Sources */,
				4D1F146C2B50B24F00FC3B85 /* BasicSearchView.swift in Sources */,
				4DE33DF72B8D933700312EC3 /* AddCustomIngredientView.swift in Sources */,
				4D7439902B9E59EA0020C3B8 /* SpecifiedListView.swift in Sources */,
				1AC386BC2AAABED10064F52A /* Ingredient.swift in Sources */,
				4DA568642B70AA41003F6F04 /* SearchButtonView.swift in Sources */,
				4DA567AF2B6CF101003F6F04 /* EightySixCheckListCell.swift in Sources */,
				4DED94482BE73889002305C2 /* FloatingPromptView.swift in Sources */,
				F40FB6B12B7E38DA0047D597 /* CocktailCollection.swift in Sources */,
				4DA568662B70AF07003F6F04 /* CBCViewModel.swift in Sources */,
				1AC386AD2AAABED10064F52A /* PreferencesCheckListCell.swift in Sources */,
				F4AA50482B93A54E00A05F54 /* AddCocktailView.swift in Sources */,
				F4FBF1232AAABBB900BBF7CF /* MetaCocktailsSwiftDataApp.swift in Sources */,
				4DB1C0BE2B46D74B00943C69 /* ResultViewSectionData.swift in Sources */,
				4DD0DE9E2B97F5E1008EF203 /* TestCocktails.swift in Sources */,
				4D7439892B9D277F0020C3B8 /* BackButton.swift in Sources */,
				1AC386C32AAABED10064F52A /* BuildOrderView.swift in Sources */,
				1AC386CD2AAABED10064F52A /* SearchCriteriaView.swift in Sources */,
				4D1E85C72B5C97DB00214BC6 /* AuthorNames.swift in Sources */,
				F44A28F72AC26A6A0083C04D /* TagLayout.swift in Sources */,
				F4C5C3E42B3B4086005B2261 /* NonAlchololicIngredients.swift in Sources */,
				1AC386C62AAABED10064F52A /* PrepRecipeView.swift in Sources */,
				4D7B01772B72C2260026FE34 /* BottleBatchCell.swift in Sources */,
				1AC386B32AAABED10064F52A /* RoundButtonStyle.swift in Sources */,
				4D7439922B9E5A2A0020C3B8 /* AllCocktailsListView.swift in Sources */,
				4D5DA0942B9E9C4900C14F1F /* CocktailProfileView.swift in Sources */,
				1AC386BD2AAABED10064F52A /* Build.swift in Sources */,
				F4C6A8E42AAFF6AC00BB0AD0 /* Flavors.swift in Sources */,
				4D6761302C3F317D00A5939C /* AddCustomGarnishView.swift in Sources */,
				1AC386C82AAABED10064F52A /* PrepBible.swift in Sources */,
				4DED944E2C098DBF002305C2 /* SimpleBatchCell.swift in Sources */,
				4DE33DF92B8D96B500312EC3 /* AddCocktailViewModel.swift in Sources */,
				1AC386BF2AAABED10064F52A /* Prep.swift in Sources */,
				4D54F73E2B7B053800D046D9 /* LoadedCocktailIngredientCell.swift in Sources */,
				4DA5686A2B70BC4F003F6F04 /* BlackNWhiteButton.swift in Sources */,
				4D1F14722B50B64500FC3B85 /* BasicComponentSearchListView.swift in Sources */,
				F4B0ABF32B13FB2A00336D05 /* SearchResultsView.swift in Sources */,
				4D5DA0982B9EB46E00C14F1F /* AddBuildStepView.swift in Sources */,
				F4C5C3E62B3B41BA005B2261 /* Alcohol.swift in Sources */,
				4D5DA09A2B9EBEB900C14F1F /* CustomAlertView.swift in Sources */,
				4DCAA7A92C373D1700FBC4FE /* AddExistingIngredientDetailView.swift in Sources */,
				1AC386C22AAABED10064F52A /* TabBarView.swift in Sources */,
				1AD87A272AE8B65800859028 /* CloverClub.swift in Sources */,
				4D54F7392B7AFC1200D046D9 /* CBCLoadedCocktailView.swift in Sources */,
				F4F742A02AD643A500161A93 /* SearchCriteriaViewModel.swift in Sources */,
				4D7B01752B72BF0A0026FE34 /* MainBatchView.swift in Sources */,
				1AC386B52AAABED10064F52A /* StandardButtonStyle.swift in Sources */,
				4D74398E2B9E58820020C3B8 /* CocktailCollectionPicker.swift in Sources */,
				4D54F7322B795AA100D046D9 /* SplitBatchView.swift in Sources */,
				4D67612E2C3EE46A00A5939C /* GarnishDetailView.swift in Sources */,
				1AC386AF2AAABED10064F52A /* XDismissButton.swift in Sources */,
				4D5DA0962B9EB43600C14F1F /* AddedIngredientView.swift in Sources */,
				F4AA6ADC2B84F10D003DBB80 /* Preload.swift in Sources */,
			);
			runOnlyForDeploymentPostprocessing = 0;
		};
/* End PBXSourcesBuildPhase section */

/* Begin XCBuildConfiguration section */
		F4FBF12D2AAABBBB00BBF7CF /* Debug */ = {
			isa = XCBuildConfiguration;
			buildSettings = {
				ALWAYS_SEARCH_USER_PATHS = NO;
				ASSETCATALOG_COMPILER_GENERATE_SWIFT_ASSET_SYMBOL_EXTENSIONS = YES;
				CLANG_ANALYZER_NONNULL = YES;
				CLANG_ANALYZER_NUMBER_OBJECT_CONVERSION = YES_AGGRESSIVE;
				CLANG_CXX_LANGUAGE_STANDARD = "gnu++20";
				CLANG_ENABLE_MODULES = YES;
				CLANG_ENABLE_OBJC_ARC = YES;
				CLANG_ENABLE_OBJC_WEAK = YES;
				CLANG_WARN_BLOCK_CAPTURE_AUTORELEASING = YES;
				CLANG_WARN_BOOL_CONVERSION = YES;
				CLANG_WARN_COMMA = YES;
				CLANG_WARN_CONSTANT_CONVERSION = YES;
				CLANG_WARN_DEPRECATED_OBJC_IMPLEMENTATIONS = YES;
				CLANG_WARN_DIRECT_OBJC_ISA_USAGE = YES_ERROR;
				CLANG_WARN_DOCUMENTATION_COMMENTS = YES;
				CLANG_WARN_EMPTY_BODY = YES;
				CLANG_WARN_ENUM_CONVERSION = YES;
				CLANG_WARN_INFINITE_RECURSION = YES;
				CLANG_WARN_INT_CONVERSION = YES;
				CLANG_WARN_NON_LITERAL_NULL_CONVERSION = YES;
				CLANG_WARN_OBJC_IMPLICIT_RETAIN_SELF = YES;
				CLANG_WARN_OBJC_LITERAL_CONVERSION = YES;
				CLANG_WARN_OBJC_ROOT_CLASS = YES_ERROR;
				CLANG_WARN_QUOTED_INCLUDE_IN_FRAMEWORK_HEADER = YES;
				CLANG_WARN_RANGE_LOOP_ANALYSIS = YES;
				CLANG_WARN_STRICT_PROTOTYPES = YES;
				CLANG_WARN_SUSPICIOUS_MOVE = YES;
				CLANG_WARN_UNGUARDED_AVAILABILITY = YES_AGGRESSIVE;
				CLANG_WARN_UNREACHABLE_CODE = YES;
				CLANG_WARN__DUPLICATE_METHOD_MATCH = YES;
				COPY_PHASE_STRIP = NO;
				DEBUG_INFORMATION_FORMAT = dwarf;
				ENABLE_STRICT_OBJC_MSGSEND = YES;
				ENABLE_TESTABILITY = YES;
				ENABLE_USER_SCRIPT_SANDBOXING = YES;
				GCC_C_LANGUAGE_STANDARD = gnu17;
				GCC_DYNAMIC_NO_PIC = NO;
				GCC_NO_COMMON_BLOCKS = YES;
				GCC_OPTIMIZATION_LEVEL = 0;
				GCC_PREPROCESSOR_DEFINITIONS = (
					"DEBUG=1",
					"$(inherited)",
				);
				GCC_WARN_64_TO_32_BIT_CONVERSION = YES;
				GCC_WARN_ABOUT_RETURN_TYPE = YES_ERROR;
				GCC_WARN_UNDECLARED_SELECTOR = YES;
				GCC_WARN_UNINITIALIZED_AUTOS = YES_AGGRESSIVE;
				GCC_WARN_UNUSED_FUNCTION = YES;
				GCC_WARN_UNUSED_VARIABLE = YES;
				IPHONEOS_DEPLOYMENT_TARGET = 17.0;
				LOCALIZATION_PREFERS_STRING_CATALOGS = YES;
				MTL_ENABLE_DEBUG_INFO = INCLUDE_SOURCE;
				MTL_FAST_MATH = YES;
				ONLY_ACTIVE_ARCH = YES;
				SDKROOT = iphoneos;
				SWIFT_ACTIVE_COMPILATION_CONDITIONS = "DEBUG $(inherited)";
				SWIFT_OPTIMIZATION_LEVEL = "-Onone";
			};
			name = Debug;
		};
		F4FBF12E2AAABBBB00BBF7CF /* Release */ = {
			isa = XCBuildConfiguration;
			buildSettings = {
				ALWAYS_SEARCH_USER_PATHS = NO;
				ASSETCATALOG_COMPILER_GENERATE_SWIFT_ASSET_SYMBOL_EXTENSIONS = YES;
				CLANG_ANALYZER_NONNULL = YES;
				CLANG_ANALYZER_NUMBER_OBJECT_CONVERSION = YES_AGGRESSIVE;
				CLANG_CXX_LANGUAGE_STANDARD = "gnu++20";
				CLANG_ENABLE_MODULES = YES;
				CLANG_ENABLE_OBJC_ARC = YES;
				CLANG_ENABLE_OBJC_WEAK = YES;
				CLANG_WARN_BLOCK_CAPTURE_AUTORELEASING = YES;
				CLANG_WARN_BOOL_CONVERSION = YES;
				CLANG_WARN_COMMA = YES;
				CLANG_WARN_CONSTANT_CONVERSION = YES;
				CLANG_WARN_DEPRECATED_OBJC_IMPLEMENTATIONS = YES;
				CLANG_WARN_DIRECT_OBJC_ISA_USAGE = YES_ERROR;
				CLANG_WARN_DOCUMENTATION_COMMENTS = YES;
				CLANG_WARN_EMPTY_BODY = YES;
				CLANG_WARN_ENUM_CONVERSION = YES;
				CLANG_WARN_INFINITE_RECURSION = YES;
				CLANG_WARN_INT_CONVERSION = YES;
				CLANG_WARN_NON_LITERAL_NULL_CONVERSION = YES;
				CLANG_WARN_OBJC_IMPLICIT_RETAIN_SELF = YES;
				CLANG_WARN_OBJC_LITERAL_CONVERSION = YES;
				CLANG_WARN_OBJC_ROOT_CLASS = YES_ERROR;
				CLANG_WARN_QUOTED_INCLUDE_IN_FRAMEWORK_HEADER = YES;
				CLANG_WARN_RANGE_LOOP_ANALYSIS = YES;
				CLANG_WARN_STRICT_PROTOTYPES = YES;
				CLANG_WARN_SUSPICIOUS_MOVE = YES;
				CLANG_WARN_UNGUARDED_AVAILABILITY = YES_AGGRESSIVE;
				CLANG_WARN_UNREACHABLE_CODE = YES;
				CLANG_WARN__DUPLICATE_METHOD_MATCH = YES;
				COPY_PHASE_STRIP = NO;
				DEBUG_INFORMATION_FORMAT = "dwarf-with-dsym";
				ENABLE_NS_ASSERTIONS = NO;
				ENABLE_STRICT_OBJC_MSGSEND = YES;
				ENABLE_USER_SCRIPT_SANDBOXING = YES;
				GCC_C_LANGUAGE_STANDARD = gnu17;
				GCC_NO_COMMON_BLOCKS = YES;
				GCC_WARN_64_TO_32_BIT_CONVERSION = YES;
				GCC_WARN_ABOUT_RETURN_TYPE = YES_ERROR;
				GCC_WARN_UNDECLARED_SELECTOR = YES;
				GCC_WARN_UNINITIALIZED_AUTOS = YES_AGGRESSIVE;
				GCC_WARN_UNUSED_FUNCTION = YES;
				GCC_WARN_UNUSED_VARIABLE = YES;
				IPHONEOS_DEPLOYMENT_TARGET = 17.0;
				LOCALIZATION_PREFERS_STRING_CATALOGS = YES;
				MTL_ENABLE_DEBUG_INFO = NO;
				MTL_FAST_MATH = YES;
				SDKROOT = iphoneos;
				SWIFT_COMPILATION_MODE = wholemodule;
				VALIDATE_PRODUCT = YES;
			};
			name = Release;
		};
		F4FBF1302AAABBBB00BBF7CF /* Debug */ = {
			isa = XCBuildConfiguration;
			buildSettings = {
				ASSETCATALOG_COMPILER_APPICON_NAME = AppIcon;
				ASSETCATALOG_COMPILER_GLOBAL_ACCENT_COLOR_NAME = AccentColor;
				CODE_SIGN_STYLE = Automatic;
				CURRENT_PROJECT_VERSION = 1;
				DEVELOPMENT_ASSET_PATHS = "\"MetaCocktailsSwiftData/Preview Content\"";
				DEVELOPMENT_TEAM = WK23NQPJ9R;
				ENABLE_PREVIEWS = YES;
				GENERATE_INFOPLIST_FILE = YES;
				INFOPLIST_FILE = MetaCocktailsSwiftData/Info.plist;
				INFOPLIST_KEY_UIApplicationSceneManifest_Generation = YES;
				INFOPLIST_KEY_UIApplicationSupportsIndirectInputEvents = YES;
				INFOPLIST_KEY_UISupportedInterfaceOrientations_iPad = "UIInterfaceOrientationPortrait UIInterfaceOrientationPortraitUpsideDown UIInterfaceOrientationLandscapeLeft UIInterfaceOrientationLandscapeRight";
				INFOPLIST_KEY_UISupportedInterfaceOrientations_iPhone = "UIInterfaceOrientationPortrait UIInterfaceOrientationLandscapeLeft UIInterfaceOrientationLandscapeRight";
				IPHONEOS_DEPLOYMENT_TARGET = 18.0;
				LD_RUNPATH_SEARCH_PATHS = (
					"$(inherited)",
					"@executable_path/Frameworks",
				);
				MARKETING_VERSION = 1.0;
				PRODUCT_BUNDLE_IDENTIFIER = com.matthewhunt.gmail.MetaCocktailsSwiftData;
				PRODUCT_NAME = "$(TARGET_NAME)";
				SWIFT_EMIT_LOC_STRINGS = YES;
				SWIFT_VERSION = 5.0;
				TARGETED_DEVICE_FAMILY = "1,2";
			};
			name = Debug;
		};
		F4FBF1312AAABBBB00BBF7CF /* Release */ = {
			isa = XCBuildConfiguration;
			buildSettings = {
				ASSETCATALOG_COMPILER_APPICON_NAME = AppIcon;
				ASSETCATALOG_COMPILER_GLOBAL_ACCENT_COLOR_NAME = AccentColor;
				CODE_SIGN_STYLE = Automatic;
				CURRENT_PROJECT_VERSION = 1;
				DEVELOPMENT_ASSET_PATHS = "\"MetaCocktailsSwiftData/Preview Content\"";
				DEVELOPMENT_TEAM = WK23NQPJ9R;
				ENABLE_PREVIEWS = YES;
				GENERATE_INFOPLIST_FILE = YES;
				INFOPLIST_FILE = MetaCocktailsSwiftData/Info.plist;
				INFOPLIST_KEY_UIApplicationSceneManifest_Generation = YES;
				INFOPLIST_KEY_UIApplicationSupportsIndirectInputEvents = YES;
				INFOPLIST_KEY_UISupportedInterfaceOrientations_iPad = "UIInterfaceOrientationPortrait UIInterfaceOrientationPortraitUpsideDown UIInterfaceOrientationLandscapeLeft UIInterfaceOrientationLandscapeRight";
				INFOPLIST_KEY_UISupportedInterfaceOrientations_iPhone = "UIInterfaceOrientationPortrait UIInterfaceOrientationLandscapeLeft UIInterfaceOrientationLandscapeRight";
				IPHONEOS_DEPLOYMENT_TARGET = 18.0;
				LD_RUNPATH_SEARCH_PATHS = (
					"$(inherited)",
					"@executable_path/Frameworks",
				);
				MARKETING_VERSION = 1.0;
				PRODUCT_BUNDLE_IDENTIFIER = com.matthewhunt.gmail.MetaCocktailsSwiftData;
				PRODUCT_NAME = "$(TARGET_NAME)";
				SWIFT_EMIT_LOC_STRINGS = YES;
				SWIFT_VERSION = 5.0;
				TARGETED_DEVICE_FAMILY = "1,2";
			};
			name = Release;
		};
/* End XCBuildConfiguration section */

/* Begin XCConfigurationList section */
		F4FBF11A2AAABBB900BBF7CF /* Build configuration list for PBXProject "MetaCocktailsSwiftData" */ = {
			isa = XCConfigurationList;
			buildConfigurations = (
				F4FBF12D2AAABBBB00BBF7CF /* Debug */,
				F4FBF12E2AAABBBB00BBF7CF /* Release */,
			);
			defaultConfigurationIsVisible = 0;
			defaultConfigurationName = Release;
		};
		F4FBF12F2AAABBBB00BBF7CF /* Build configuration list for PBXNativeTarget "MetaCocktailsSwiftData" */ = {
			isa = XCConfigurationList;
			buildConfigurations = (
				F4FBF1302AAABBBB00BBF7CF /* Debug */,
				F4FBF1312AAABBBB00BBF7CF /* Release */,
			);
			defaultConfigurationIsVisible = 0;
			defaultConfigurationName = Release;
		};
/* End XCConfigurationList section */
	};
	rootObject = F4FBF1172AAABBB900BBF7CF /* Project object */;
}
